PODS:
  - ChouTi (0.1):
    - ChouTi/Unsafe (= 0.1)
  - ChouTi/ChouTi (0.1):
    - ChouTi/ChouTi/Animators (= 0.1)
    - ChouTi/ChouTi/CodeSnippets (= 0.1)
    - ChouTi/ChouTi/CollectionViewLayouts (= 0.1)
    - ChouTi/ChouTi/Extensions (= 0.1)
    - ChouTi/ChouTi/Protocols (= 0.1)
    - ChouTi/ChouTi/Utilities (= 0.1)
  - ChouTi/ChouTi/Animators (0.1)
  - ChouTi/ChouTi/CodeSnippets (0.1)
  - ChouTi/ChouTi/CollectionViewLayouts (0.1)
  - ChouTi/ChouTi/Extensions (0.1)
  - ChouTi/ChouTi/Protocols (0.1)
  - ChouTi/ChouTi/Utilities (0.1):
    - "ChouTi/ChouTi/Utilities/TableView+SectionRowExtensions (= 0.1)"
  - "ChouTi/ChouTi/Utilities/TableView+SectionRowExtensions (0.1)"
  - ChouTi/UI (0.1):
    - ChouTi/UI/AutoLinesLabel (= 0.1)
    - ChouTi/UI/CollectionViewCells (= 0.1)
    - ChouTi/UI/DatePickerViewController (= 0.1)
    - ChouTi/UI/DropDownMenu (= 0.1)
    - ChouTi/UI/MenuPageViewController (= 0.1)
    - ChouTi/UI/NavigationBarStatusBar (= 0.1)
    - ChouTi/UI/SegmentedControl (= 0.1)
    - ChouTi/UI/TableViewCells (= 0.1)
  - ChouTi/UI-App-Extension-API-Unsafe (0.1):
    - ChouTi/UI-App-Extension-API-Unsafe/SlideController (= 0.1)
  - ChouTi/UI-App-Extension-API-Unsafe/SlideController (0.1)
  - ChouTi/UI/AutoLinesLabel (0.1)
  - ChouTi/UI/CollectionViewCells (0.1)
  - ChouTi/UI/DatePickerViewController (0.1)
  - ChouTi/UI/DropDownMenu (0.1)
  - ChouTi/UI/MenuPageViewController (0.1)
  - ChouTi/UI/NavigationBarStatusBar (0.1)
  - ChouTi/UI/SegmentedControl (0.1)
  - ChouTi/UI/TableViewCells (0.1)
  - ChouTi/Unsafe (0.1):
    - ChouTi/ChouTi
    - ChouTi/UI
    - ChouTi/UI-App-Extension-API-Unsafe

DEPENDENCIES:
  - ChouTi (from `https://github.com/honghaoz/ChouTi.git`, commit `10a7d63b1505df4a351b499f47d1e9481484e001`)

EXTERNAL SOURCES:
  ChouTi:
    :commit: 10a7d63b1505df4a351b499f47d1e9481484e001
    :git: https://github.com/honghaoz/ChouTi.git

CHECKOUT OPTIONS:
  ChouTi:
    :commit: 10a7d63b1505df4a351b499f47d1e9481484e001
    :git: https://github.com/honghaoz/ChouTi.git

SPEC CHECKSUMS:
  ChouTi: a59601f0b7de0dfb197fccea7c3ebefb2b16bb99

PODFILE CHECKSUM: 8d5ffc23fae124fb0f805fa411d6d96478774b54

COCOAPODS: 1.8.0.beta.1
