PODS:
  - ChouTi (0.6.2)
  - ChouTiUI (0.6.3):
    - ChouTi (~> 0.6)
  - SwiftFormat/CLI (0.40.11)
  - Then (2.5.0)

DEPENDENCIES:
  - ChouTi (~> 0.6)
  - ChouTiUI (~> 0.6)
  - SwiftFormat/CLI
  - Then (~> 2.5)

SPEC REPOS:
  https://github.com/CocoaPods/Specs.git:
    - ChouTi
    - ChouTiUI
    - SwiftFormat
    - Then

SPEC CHECKSUMS:
  ChouTi: 0eefad9be6f783893b5070791744354bfb5ce290
  ChouTiUI: fd9fa2916a5ffee45104cbcb228fd3767f80e07b
  SwiftFormat: 304f39cab266d39c9d60f4fceec37ed6f43b931c
  Then: 0157115e883545c77967b452fe74a1d25fb796e1

PODFILE CHECKSUM: 6a5681212fb189e9ab0c22ddf634068688e1e48d

COCOAPODS: 1.8.0.beta.1
