PODS:
  - ChouTi (0.1):
    - ChouTi/Unsafe (= 0.1)
  - ChouTi/ChouTi (0.1):
    - ChouTi/ChouTi/Animators (= 0.1)
    - ChouTi/ChouTi/CodeSnippets (= 0.1)
    - ChouTi/ChouTi/CollectionViewLayouts (= 0.1)
    - ChouTi/ChouTi/Extensions (= 0.1)
    - ChouTi/ChouTi/Protocols (= 0.1)
    - ChouTi/ChouTi/Utilities (= 0.1)
  - ChouTi/ChouTi/Animators (0.1)
  - ChouTi/ChouTi/CodeSnippets (0.1)
  - ChouTi/ChouTi/CollectionViewLayouts (0.1)
  - ChouTi/ChouTi/Extensions (0.1)
  - ChouTi/ChouTi/Protocols (0.1)
  - ChouTi/ChouTi/Utilities (0.1):
    - ChouTi/ChouTi/Utilities/TableView+SectionRowExtensions (= 0.1)
  - ChouTi/ChouTi/Utilities/TableView+SectionRowExtensions (0.1)
  - ChouTi/UI (0.1):
    - ChouTi/UI/AutoLinesLabel (= 0.1)
    - ChouTi/UI/CollectionViewCells (= 0.1)
    - ChouTi/UI/DatePickerViewController (= 0.1)
    - ChouTi/UI/DropDownMenu (= 0.1)
    - ChouTi/UI/MenuPageViewController (= 0.1)
    - ChouTi/UI/NavigationBarStatusBar (= 0.1)
    - ChouTi/UI/SegmentedControl (= 0.1)
    - ChouTi/UI/TableViewCells (= 0.1)
  - ChouTi/UI-App-Extension-API-Unsafe (0.1):
    - ChouTi/UI-App-Extension-API-Unsafe/SlideController (= 0.1)
  - ChouTi/UI-App-Extension-API-Unsafe/SlideController (0.1)
  - ChouTi/UI/AutoLinesLabel (0.1)
  - ChouTi/UI/CollectionViewCells (0.1)
  - ChouTi/UI/DatePickerViewController (0.1)
  - ChouTi/UI/DropDownMenu (0.1)
  - ChouTi/UI/MenuPageViewController (0.1)
  - ChouTi/UI/NavigationBarStatusBar (0.1)
  - ChouTi/UI/SegmentedControl (0.1)
  - ChouTi/UI/TableViewCells (0.1)
  - ChouTi/Unsafe (0.1):
    - ChouTi/ChouTi
    - ChouTi/UI
    - ChouTi/UI-App-Extension-API-Unsafe
  - Google/Analytics (2.0.4):
    - Google/Core
    - GoogleAnalytics (~> 3.12)
  - Google/Core (2.0.4):
    - GoogleInterchangeUtilities (~> 1.0)
    - GoogleNetworkingUtilities (~> 1.0)
    - GoogleSymbolUtilities (~> 1.0)
    - GoogleUtilities (~> 1.1)
  - GoogleAnalytics (3.14.0)
  - GoogleInterchangeUtilities (1.2.0):
    - GoogleSymbolUtilities (~> 1.0)
  - GoogleNetworkingUtilities (1.2.0):
    - GoogleSymbolUtilities (~> 1.0)
  - GoogleSymbolUtilities (1.1.0)
  - GoogleUtilities (1.3.0):
    - GoogleSymbolUtilities (~> 1.0)
  - Loggerithm (1.3.2)

DEPENDENCIES:
  - ChouTi (from `https://github.com/honghaoz/ChouTi.git`)
  - Google/Analytics
  - Loggerithm

EXTERNAL SOURCES:
  ChouTi:
    :git: https://github.com/honghaoz/ChouTi.git

CHECKOUT OPTIONS:
  ChouTi:
    :commit: 87b811280332c9d8e26cd369b401e08f38af3bf0
    :git: https://github.com/honghaoz/ChouTi.git

SPEC CHECKSUMS:
  ChouTi: a59601f0b7de0dfb197fccea7c3ebefb2b16bb99
  Google: d0932824c5b97c96be489aa6f4e8cd6c294d637d
  GoogleAnalytics: 9be1afdb8deeac4bb5f13ca7f7d3b9db2a1f43dc
  GoogleInterchangeUtilities: 427382e42d8a340038bec37c6fdfd316e14b5fa2
  GoogleNetworkingUtilities: ec1e9911aca811eb18b7144394fee6168b607785
  GoogleSymbolUtilities: eb3965ea12710569c7b80db198a39e39b18613f7
  GoogleUtilities: 5c653f7df2eedf0ce0efdfe5afe4f831f375fd7a
  Loggerithm: 54aad85bc3242f7f038170a8a42c82272cc21203

PODFILE CHECKSUM: 9de698e1b3f965bdbd3427585dfbf684db43e9aa

COCOAPODS: 1.0.0.beta.8
