PODS:
  - Bolts (1.1.4)
  - GoogleAnalytics-iOS-SDK (3.10):
    - GoogleAnalytics-iOS-SDK/Core (= 3.10)
  - GoogleAnalytics-iOS-SDK/Core (3.10)
  - Parse (1.7.1):
    - Bolts (~> 1.1)

DEPENDENCIES:
  - GoogleAnalytics-iOS-SDK
  - Parse

SPEC CHECKSUMS:
  Bolts: f8e2f94edbf9fec7bb8de5ecaaa3aa6b7de6f64e
  GoogleAnalytics-iOS-SDK: 4f98a376c1d61e6ac4ca47951655820314856eef
  Parse: fa8ec29de6d82035635986c11946299fb1b38316

COCOAPODS: 0.36.3
