// !$*UTF8*$!
{
	archiveVersion = 1;
	classes = {
	};
	objectVersion = 46;
	objects = {

/* Begin PBXBuildFile section */
		02107C981AACCC4400CFF8FF /* GameBoardView.swift in Sources */ = {isa = PBXBuildFile; fileRef = 02107C971AACCC4400CFF8FF /* GameBoardView.swift */; };
		02107C9A1AAD1F0000CFF8FF /* ScoreView.swift in Sources */ = {isa = PBXBuildFile; fileRef = 02107C991AAD1F0000CFF8FF /* ScoreView.swift */; };
		02107C9C1AAD220800CFF8FF /* Appearance.swift in Sources */ = {isa = PBXBuildFile; fileRef = 02107C9B1AAD220800CFF8FF /* Appearance.swift */; };
		02107C9F1AAD240400CFF8FF /* GameModel.swift in Sources */ = {isa = PBXBuildFile; fileRef = 02107C9E1AAD240400CFF8FF /* GameModel.swift */; };
		02107CA11AAD244A00CFF8FF /* GameModelTypes.swift in Sources */ = {isa = PBXBuildFile; fileRef = 02107CA01AAD244A00CFF8FF /* GameModelTypes.swift */; };
		0225A2421AB7D74500EA72C8 /* GameBoardAssistant.swift in Sources */ = {isa = PBXBuildFile; fileRef = 0225A2411AB7D74500EA72C8 /* GameBoardAssistant.swift */; };
		0225A2491AB7DD9000EA72C8 /* ZHLogger.swift in Sources */ = {isa = PBXBuildFile; fileRef = 0225A2481AB7DD9000EA72C8 /* ZHLogger.swift */; };
		0225A24B1AB8A6E300EA72C8 /* Extension.swift in Sources */ = {isa = PBXBuildFile; fileRef = 0225A24A1AB8A6E300EA72C8 /* Extension.swift */; };
		0225A24D1AB8FABE00EA72C8 /* AI-Random.swift in Sources */ = {isa = PBXBuildFile; fileRef = 0225A24C1AB8FABE00EA72C8 /* AI-Random.swift */; };
		023EDE801AAA325100F5B9C5 /* AppDelegate.swift in Sources */ = {isa = PBXBuildFile; fileRef = 023EDE7F1AAA325100F5B9C5 /* AppDelegate.swift */; };
		023EDE851AAA325100F5B9C5 /* Main.storyboard in Resources */ = {isa = PBXBuildFile; fileRef = 023EDE831AAA325100F5B9C5 /* Main.storyboard */; };
		023EDE871AAA325100F5B9C5 /* Images.xcassets in Resources */ = {isa = PBXBuildFile; fileRef = 023EDE861AAA325100F5B9C5 /* Images.xcassets */; };
		023EDE8A1AAA325100F5B9C5 /* LaunchScreen.xib in Resources */ = {isa = PBXBuildFile; fileRef = 023EDE881AAA325100F5B9C5 /* LaunchScreen.xib */; };
		023EDE961AAA325100F5B9C5 /* _048_SolverTests.swift in Sources */ = {isa = PBXBuildFile; fileRef = 023EDE951AAA325100F5B9C5 /* _048_SolverTests.swift */; };
		028159611AAD07E500C795D9 /* TileView.swift in Sources */ = {isa = PBXBuildFile; fileRef = 028159601AAD07E500C795D9 /* TileView.swift */; };
		0297205E1AC65377009B86D2 /* BlackBorderButton.swift in Sources */ = {isa = PBXBuildFile; fileRef = 0297205D1AC65377009B86D2 /* BlackBorderButton.swift */; };
		02BC427B1AC88B230089639B /* Action2048.swift in Sources */ = {isa = PBXBuildFile; fileRef = 02BC42761AC88B230089639B /* Action2048.swift */; };
		02BC427C1AC88B230089639B /* Game2048Board.swift in Sources */ = {isa = PBXBuildFile; fileRef = 02BC42771AC88B230089639B /* Game2048Board.swift */; };
		02BC427D1AC88B230089639B /* NTuple.swift in Sources */ = {isa = PBXBuildFile; fileRef = 02BC42781AC88B230089639B /* NTuple.swift */; };
		02BC427E1AC88B230089639B /* RectSize.swift in Sources */ = {isa = PBXBuildFile; fileRef = 02BC42791AC88B230089639B /* RectSize.swift */; };
		02BC427F1AC88B230089639B /* Util.swift in Sources */ = {isa = PBXBuildFile; fileRef = 02BC427A1AC88B230089639B /* Util.swift */; };
		02BC42881AC8F18C0089639B /* ConfirmViewController.swift in Sources */ = {isa = PBXBuildFile; fileRef = 02BC42851AC8F18C0089639B /* ConfirmViewController.swift */; };
		02BC42891AC8F18C0089639B /* PresentingAnimator.swift in Sources */ = {isa = PBXBuildFile; fileRef = 02BC42861AC8F18C0089639B /* PresentingAnimator.swift */; };
		02BC428A1AC8F18C0089639B /* ViewController.swift in Sources */ = {isa = PBXBuildFile; fileRef = 02BC42871AC8F18C0089639B /* ViewController.swift */; };
		02BC428C1AC8F20B0089639B /* SettingViewController.swift in Sources */ = {isa = PBXBuildFile; fileRef = 02BC428B1AC8F20B0089639B /* SettingViewController.swift */; };
		02C2A86B1AC9DFF3002DEB97 /* BlackSlider.swift in Sources */ = {isa = PBXBuildFile; fileRef = 02C2A86A1AC9DFF3002DEB97 /* BlackSlider.swift */; };
		02C2A86D1AC9E9EF002DEB97 /* BlackSelectionControl.swift in Sources */ = {isa = PBXBuildFile; fileRef = 02C2A86C1AC9E9EF002DEB97 /* BlackSelectionControl.swift */; };
		02C2A86F1AC9EC10002DEB97 /* AIAlgorithmCell.swift in Sources */ = {isa = PBXBuildFile; fileRef = 02C2A86E1AC9EC10002DEB97 /* AIAlgorithmCell.swift */; };
		02D1339F1AB2A0BA00CE8ADA /* AVKit.framework in Frameworks */ = {isa = PBXBuildFile; fileRef = 02D1339E1AB2A0BA00CE8ADA /* AVKit.framework */; };
		02DBF5811AB269E7007EE133 /* move.wav in Resources */ = {isa = PBXBuildFile; fileRef = 02DBF5801AB269E7007EE133 /* move.wav */; };
		02F21BAE1ABA3EDD00487782 /* GameModelHelper.swift in Sources */ = {isa = PBXBuildFile; fileRef = 02F21BAD1ABA3EDD00487782 /* GameModelHelper.swift */; };
		02F21BB01ABA51B800487782 /* AI-Greedy.swift in Sources */ = {isa = PBXBuildFile; fileRef = 02F21BAF1ABA51B800487782 /* AI-Greedy.swift */; };
		FF5C5DDA1AAF782A00CE6981 /* AI.swift in Sources */ = {isa = PBXBuildFile; fileRef = FF5C5DD91AAF782A00CE6981 /* AI.swift */; };
/* End PBXBuildFile section */

/* Begin PBXContainerItemProxy section */
		023EDE901AAA325100F5B9C5 /* PBXContainerItemProxy */ = {
			isa = PBXContainerItemProxy;
			containerPortal = 023EDE721AAA325100F5B9C5 /* Project object */;
			proxyType = 1;
			remoteGlobalIDString = 023EDE791AAA325100F5B9C5;
			remoteInfo = "2048 Solver";
		};
/* End PBXContainerItemProxy section */

/* Begin PBXFileReference section */
		02107C971AACCC4400CFF8FF /* GameBoardView.swift */ = {isa = PBXFileReference; fileEncoding = 4; lastKnownFileType = sourcecode.swift; path = GameBoardView.swift; sourceTree = "<group>"; };
		02107C991AAD1F0000CFF8FF /* ScoreView.swift */ = {isa = PBXFileReference; fileEncoding = 4; lastKnownFileType = sourcecode.swift; path = ScoreView.swift; sourceTree = "<group>"; };
		02107C9B1AAD220800CFF8FF /* Appearance.swift */ = {isa = PBXFileReference; fileEncoding = 4; lastKnownFileType = sourcecode.swift; path = Appearance.swift; sourceTree = "<group>"; };
		02107C9E1AAD240400CFF8FF /* GameModel.swift */ = {isa = PBXFileReference; fileEncoding = 4; lastKnownFileType = sourcecode.swift; path = GameModel.swift; sourceTree = "<group>"; };
		02107CA01AAD244A00CFF8FF /* GameModelTypes.swift */ = {isa = PBXFileReference; fileEncoding = 4; lastKnownFileType = sourcecode.swift; path = GameModelTypes.swift; sourceTree = "<group>"; };
		0225A2411AB7D74500EA72C8 /* GameBoardAssistant.swift */ = {isa = PBXFileReference; fileEncoding = 4; lastKnownFileType = sourcecode.swift; path = GameBoardAssistant.swift; sourceTree = "<group>"; };
		0225A2481AB7DD9000EA72C8 /* ZHLogger.swift */ = {isa = PBXFileReference; fileEncoding = 4; lastKnownFileType = sourcecode.swift; path = ZHLogger.swift; sourceTree = "<group>"; };
		0225A24A1AB8A6E300EA72C8 /* Extension.swift */ = {isa = PBXFileReference; fileEncoding = 4; lastKnownFileType = sourcecode.swift; path = Extension.swift; sourceTree = "<group>"; };
		0225A24C1AB8FABE00EA72C8 /* AI-Random.swift */ = {isa = PBXFileReference; fileEncoding = 4; lastKnownFileType = sourcecode.swift; path = "AI-Random.swift"; sourceTree = "<group>"; };
		023EDE7A1AAA325100F5B9C5 /* 2048 Solver.app */ = {isa = PBXFileReference; explicitFileType = wrapper.application; includeInIndex = 0; path = "2048 Solver.app"; sourceTree = BUILT_PRODUCTS_DIR; };
		023EDE7E1AAA325100F5B9C5 /* Info.plist */ = {isa = PBXFileReference; lastKnownFileType = text.plist.xml; path = Info.plist; sourceTree = "<group>"; };
		023EDE7F1AAA325100F5B9C5 /* AppDelegate.swift */ = {isa = PBXFileReference; lastKnownFileType = sourcecode.swift; path = AppDelegate.swift; sourceTree = "<group>"; };
		023EDE841AAA325100F5B9C5 /* Base */ = {isa = PBXFileReference; lastKnownFileType = file.storyboard; name = Base; path = Base.lproj/Main.storyboard; sourceTree = "<group>"; };
		023EDE861AAA325100F5B9C5 /* Images.xcassets */ = {isa = PBXFileReference; lastKnownFileType = folder.assetcatalog; path = Images.xcassets; sourceTree = "<group>"; };
		023EDE891AAA325100F5B9C5 /* Base */ = {isa = PBXFileReference; lastKnownFileType = file.xib; name = Base; path = Base.lproj/LaunchScreen.xib; sourceTree = "<group>"; };
		023EDE8F1AAA325100F5B9C5 /* 2048 SolverTests.xctest */ = {isa = PBXFileReference; explicitFileType = wrapper.cfbundle; includeInIndex = 0; path = "2048 SolverTests.xctest"; sourceTree = BUILT_PRODUCTS_DIR; };
		023EDE941AAA325100F5B9C5 /* Info.plist */ = {isa = PBXFileReference; lastKnownFileType = text.plist.xml; path = Info.plist; sourceTree = "<group>"; };
		023EDE951AAA325100F5B9C5 /* _048_SolverTests.swift */ = {isa = PBXFileReference; lastKnownFileType = sourcecode.swift; path = _048_SolverTests.swift; sourceTree = "<group>"; };
		028159601AAD07E500C795D9 /* TileView.swift */ = {isa = PBXFileReference; fileEncoding = 4; lastKnownFileType = sourcecode.swift; path = TileView.swift; sourceTree = "<group>"; };
		0297205D1AC65377009B86D2 /* BlackBorderButton.swift */ = {isa = PBXFileReference; fileEncoding = 4; lastKnownFileType = sourcecode.swift; path = BlackBorderButton.swift; sourceTree = "<group>"; };
		02BC42761AC88B230089639B /* Action2048.swift */ = {isa = PBXFileReference; fileEncoding = 4; lastKnownFileType = sourcecode.swift; path = Action2048.swift; sourceTree = "<group>"; };
		02BC42771AC88B230089639B /* Game2048Board.swift */ = {isa = PBXFileReference; fileEncoding = 4; lastKnownFileType = sourcecode.swift; path = Game2048Board.swift; sourceTree = "<group>"; };
		02BC42781AC88B230089639B /* NTuple.swift */ = {isa = PBXFileReference; fileEncoding = 4; lastKnownFileType = sourcecode.swift; path = NTuple.swift; sourceTree = "<group>"; };
		02BC42791AC88B230089639B /* RectSize.swift */ = {isa = PBXFileReference; fileEncoding = 4; lastKnownFileType = sourcecode.swift; path = RectSize.swift; sourceTree = "<group>"; };
		02BC427A1AC88B230089639B /* Util.swift */ = {isa = PBXFileReference; fileEncoding = 4; lastKnownFileType = sourcecode.swift; path = Util.swift; sourceTree = "<group>"; };
		02BC42851AC8F18C0089639B /* ConfirmViewController.swift */ = {isa = PBXFileReference; fileEncoding = 4; lastKnownFileType = sourcecode.swift; path = ConfirmViewController.swift; sourceTree = "<group>"; };
		02BC42861AC8F18C0089639B /* PresentingAnimator.swift */ = {isa = PBXFileReference; fileEncoding = 4; lastKnownFileType = sourcecode.swift; path = PresentingAnimator.swift; sourceTree = "<group>"; };
		02BC42871AC8F18C0089639B /* ViewController.swift */ = {isa = PBXFileReference; fileEncoding = 4; lastKnownFileType = sourcecode.swift; path = ViewController.swift; sourceTree = "<group>"; };
		02BC428B1AC8F20B0089639B /* SettingViewController.swift */ = {isa = PBXFileReference; fileEncoding = 4; lastKnownFileType = sourcecode.swift; path = SettingViewController.swift; sourceTree = "<group>"; };
		02C2A86A1AC9DFF3002DEB97 /* BlackSlider.swift */ = {isa = PBXFileReference; fileEncoding = 4; lastKnownFileType = sourcecode.swift; path = BlackSlider.swift; sourceTree = "<group>"; };
		02C2A86C1AC9E9EF002DEB97 /* BlackSelectionControl.swift */ = {isa = PBXFileReference; fileEncoding = 4; lastKnownFileType = sourcecode.swift; path = BlackSelectionControl.swift; sourceTree = "<group>"; };
		02C2A86E1AC9EC10002DEB97 /* AIAlgorithmCell.swift */ = {isa = PBXFileReference; fileEncoding = 4; lastKnownFileType = sourcecode.swift; path = AIAlgorithmCell.swift; sourceTree = "<group>"; };
		02D1339E1AB2A0BA00CE8ADA /* AVKit.framework */ = {isa = PBXFileReference; lastKnownFileType = wrapper.framework; name = AVKit.framework; path = System/Library/Frameworks/AVKit.framework; sourceTree = SDKROOT; };
		02DBF5801AB269E7007EE133 /* move.wav */ = {isa = PBXFileReference; lastKnownFileType = audio.wav; path = move.wav; sourceTree = "<group>"; };
		02F21BAD1ABA3EDD00487782 /* GameModelHelper.swift */ = {isa = PBXFileReference; fileEncoding = 4; lastKnownFileType = sourcecode.swift; path = GameModelHelper.swift; sourceTree = "<group>"; };
		02F21BAF1ABA51B800487782 /* AI-Greedy.swift */ = {isa = PBXFileReference; fileEncoding = 4; lastKnownFileType = sourcecode.swift; path = "AI-Greedy.swift"; sourceTree = "<group>"; };
		FF5C5DD91AAF782A00CE6981 /* AI.swift */ = {isa = PBXFileReference; fileEncoding = 4; lastKnownFileType = sourcecode.swift; path = AI.swift; sourceTree = "<group>"; };
/* End PBXFileReference section */

/* Begin PBXFrameworksBuildPhase section */
		023EDE771AAA325100F5B9C5 /* Frameworks */ = {
			isa = PBXFrameworksBuildPhase;
			buildActionMask = 2147483647;
			files = (
				02D1339F1AB2A0BA00CE8ADA /* AVKit.framework in Frameworks */,
			);
			runOnlyForDeploymentPostprocessing = 0;
		};
		023EDE8C1AAA325100F5B9C5 /* Frameworks */ = {
			isa = PBXFrameworksBuildPhase;
			buildActionMask = 2147483647;
			files = (
			);
			runOnlyForDeploymentPostprocessing = 0;
		};
/* End PBXFrameworksBuildPhase section */

/* Begin PBXGroup section */
		02107C961AACCC4400CFF8FF /* View */ = {
			isa = PBXGroup;
			children = (
				02107C9B1AAD220800CFF8FF /* Appearance.swift */,
				02107C971AACCC4400CFF8FF /* GameBoardView.swift */,
				028159601AAD07E500C795D9 /* TileView.swift */,
				02107C991AAD1F0000CFF8FF /* ScoreView.swift */,
				0297205D1AC65377009B86D2 /* BlackBorderButton.swift */,
				02C2A86A1AC9DFF3002DEB97 /* BlackSlider.swift */,
				02C2A86C1AC9E9EF002DEB97 /* BlackSelectionControl.swift */,
				02C2A86E1AC9EC10002DEB97 /* AIAlgorithmCell.swift */,
			);
			path = View;
			sourceTree = "<group>";
		};
		02107C9D1AAD238D00CFF8FF /* Model */ = {
			isa = PBXGroup;
			children = (
				02107C9E1AAD240400CFF8FF /* GameModel.swift */,
				02107CA01AAD244A00CFF8FF /* GameModelTypes.swift */,
				02F21BAD1ABA3EDD00487782 /* GameModelHelper.swift */,
			);
			path = Model;
			sourceTree = "<group>";
		};
		0225A2471AB7DD8A00EA72C8 /* ThirdParty */ = {
			isa = PBXGroup;
			children = (
				0225A2481AB7DD9000EA72C8 /* ZHLogger.swift */,
			);
			path = ThirdParty;
			sourceTree = "<group>";
		};
		023EDE711AAA325100F5B9C5 = {
			isa = PBXGroup;
			children = (
				02D1339E1AB2A0BA00CE8ADA /* AVKit.framework */,
				023EDE7C1AAA325100F5B9C5 /* 2048 Solver */,
				02DBF57F1AB269E7007EE133 /* Resource */,
				023EDE921AAA325100F5B9C5 /* 2048 SolverTests */,
				023EDE7B1AAA325100F5B9C5 /* Products */,
			);
			sourceTree = "<group>";
		};
		023EDE7B1AAA325100F5B9C5 /* Products */ = {
			isa = PBXGroup;
			children = (
				023EDE7A1AAA325100F5B9C5 /* 2048 Solver.app */,
				023EDE8F1AAA325100F5B9C5 /* 2048 SolverTests.xctest */,
			);
			name = Products;
			sourceTree = "<group>";
		};
		023EDE7C1AAA325100F5B9C5 /* 2048 Solver */ = {
			isa = PBXGroup;
			children = (
				023EDE7F1AAA325100F5B9C5 /* AppDelegate.swift */,
				0225A24A1AB8A6E300EA72C8 /* Extension.swift */,
				0225A2471AB7DD8A00EA72C8 /* ThirdParty */,
				FF5C5DD81AAF77C600CE6981 /* AI */,
				02107C9D1AAD238D00CFF8FF /* Model */,
				02107C961AACCC4400CFF8FF /* View */,
				02BC42841AC8F18C0089639B /* Controller */,
				023EDE831AAA325100F5B9C5 /* Main.storyboard */,
				023EDE861AAA325100F5B9C5 /* Images.xcassets */,
				023EDE881AAA325100F5B9C5 /* LaunchScreen.xib */,
				023EDE7D1AAA325100F5B9C5 /* Supporting Files */,
			);
			path = "2048 Solver";
			sourceTree = "<group>";
		};
		023EDE7D1AAA325100F5B9C5 /* Supporting Files */ = {
			isa = PBXGroup;
			children = (
				023EDE7E1AAA325100F5B9C5 /* Info.plist */,
			);
			name = "Supporting Files";
			sourceTree = "<group>";
		};
		023EDE921AAA325100F5B9C5 /* 2048 SolverTests */ = {
			isa = PBXGroup;
			children = (
				023EDE951AAA325100F5B9C5 /* _048_SolverTests.swift */,
				023EDE931AAA325100F5B9C5 /* Supporting Files */,
			);
			path = "2048 SolverTests";
			sourceTree = "<group>";
		};
		023EDE931AAA325100F5B9C5 /* Supporting Files */ = {
			isa = PBXGroup;
			children = (
				023EDE941AAA325100F5B9C5 /* Info.plist */,
			);
			name = "Supporting Files";
			sourceTree = "<group>";
		};
		02BC42751AC88B230089639B /* TDLearning */ = {
			isa = PBXGroup;
			children = (
				02BC42761AC88B230089639B /* Action2048.swift */,
				02BC42771AC88B230089639B /* Game2048Board.swift */,
				02BC42781AC88B230089639B /* NTuple.swift */,
				02BC42791AC88B230089639B /* RectSize.swift */,
				02BC427A1AC88B230089639B /* Util.swift */,
			);
			path = TDLearning;
			sourceTree = "<group>";
		};
		02BC42841AC8F18C0089639B /* Controller */ = {
			isa = PBXGroup;
			children = (
				02BC42871AC8F18C0089639B /* ViewController.swift */,
				02BC42861AC8F18C0089639B /* PresentingAnimator.swift */,
				02BC42851AC8F18C0089639B /* ConfirmViewController.swift */,
				02BC428B1AC8F20B0089639B /* SettingViewController.swift */,
			);
			name = Controller;
			path = View/Controller;
			sourceTree = "<group>";
		};
		02DBF57F1AB269E7007EE133 /* Resource */ = {
			isa = PBXGroup;
			children = (
				02DBF5801AB269E7007EE133 /* move.wav */,
			);
			name = Resource;
			path = "2048 Solver/Resource";
			sourceTree = "<group>";
		};
		FF5C5DD81AAF77C600CE6981 /* AI */ = {
			isa = PBXGroup;
			children = (
				FF5C5DD91AAF782A00CE6981 /* AI.swift */,
				0225A2411AB7D74500EA72C8 /* GameBoardAssistant.swift */,
				0225A24C1AB8FABE00EA72C8 /* AI-Random.swift */,
				02F21BAF1ABA51B800487782 /* AI-Greedy.swift */,
				02BC42751AC88B230089639B /* TDLearning */,
			);
			path = AI;
			sourceTree = "<group>";
		};
/* End PBXGroup section */

/* Begin PBXNativeTarget section */
		023EDE791AAA325100F5B9C5 /* 2048 Solver */ = {
			isa = PBXNativeTarget;
			buildConfigurationList = 023EDE991AAA325100F5B9C5 /* Build configuration list for PBXNativeTarget "2048 Solver" */;
			buildPhases = (
				023EDE761AAA325100F5B9C5 /* Sources */,
				023EDE771AAA325100F5B9C5 /* Frameworks */,
				023EDE781AAA325100F5B9C5 /* Resources */,
			);
			buildRules = (
			);
			dependencies = (
			);
			name = "2048 Solver";
			productName = "2048 Solver";
			productReference = 023EDE7A1AAA325100F5B9C5 /* 2048 Solver.app */;
			productType = "com.apple.product-type.application";
		};
		023EDE8E1AAA325100F5B9C5 /* 2048 SolverTests */ = {
			isa = PBXNativeTarget;
			buildConfigurationList = 023EDE9C1AAA325100F5B9C5 /* Build configuration list for PBXNativeTarget "2048 SolverTests" */;
			buildPhases = (
				023EDE8B1AAA325100F5B9C5 /* Sources */,
				023EDE8C1AAA325100F5B9C5 /* Frameworks */,
				023EDE8D1AAA325100F5B9C5 /* Resources */,
			);
			buildRules = (
			);
			dependencies = (
				023EDE911AAA325100F5B9C5 /* PBXTargetDependency */,
			);
			name = "2048 SolverTests";
			productName = "2048 SolverTests";
			productReference = 023EDE8F1AAA325100F5B9C5 /* 2048 SolverTests.xctest */;
			productType = "com.apple.product-type.bundle.unit-test";
		};
/* End PBXNativeTarget section */

/* Begin PBXProject section */
		023EDE721AAA325100F5B9C5 /* Project object */ = {
			isa = PBXProject;
			attributes = {
				LastUpgradeCheck = 0630;
				ORGANIZATIONNAME = "Honghao Zhang";
				TargetAttributes = {
					023EDE791AAA325100F5B9C5 = {
						CreatedOnToolsVersion = 6.3;
					};
					023EDE8E1AAA325100F5B9C5 = {
						CreatedOnToolsVersion = 6.3;
						TestTargetID = 023EDE791AAA325100F5B9C5;
					};
				};
			};
			buildConfigurationList = 023EDE751AAA325100F5B9C5 /* Build configuration list for PBXProject "2048 Solver" */;
			compatibilityVersion = "Xcode 3.2";
			developmentRegion = English;
			hasScannedForEncodings = 0;
			knownRegions = (
				en,
				Base,
			);
			mainGroup = 023EDE711AAA325100F5B9C5;
			productRefGroup = 023EDE7B1AAA325100F5B9C5 /* Products */;
			projectDirPath = "";
			projectRoot = "";
			targets = (
				023EDE791AAA325100F5B9C5 /* 2048 Solver */,
				023EDE8E1AAA325100F5B9C5 /* 2048 SolverTests */,
			);
		};
/* End PBXProject section */

/* Begin PBXResourcesBuildPhase section */
		023EDE781AAA325100F5B9C5 /* Resources */ = {
			isa = PBXResourcesBuildPhase;
			buildActionMask = 2147483647;
			files = (
				023EDE851AAA325100F5B9C5 /* Main.storyboard in Resources */,
				023EDE8A1AAA325100F5B9C5 /* LaunchScreen.xib in Resources */,
				023EDE871AAA325100F5B9C5 /* Images.xcassets in Resources */,
				02DBF5811AB269E7007EE133 /* move.wav in Resources */,
			);
			runOnlyForDeploymentPostprocessing = 0;
		};
		023EDE8D1AAA325100F5B9C5 /* Resources */ = {
			isa = PBXResourcesBuildPhase;
			buildActionMask = 2147483647;
			files = (
			);
			runOnlyForDeploymentPostprocessing = 0;
		};
/* End PBXResourcesBuildPhase section */

/* Begin PBXSourcesBuildPhase section */
		023EDE761AAA325100F5B9C5 /* Sources */ = {
			isa = PBXSourcesBuildPhase;
			buildActionMask = 2147483647;
			files = (
				02107C9C1AAD220800CFF8FF /* Appearance.swift in Sources */,
				02BC427E1AC88B230089639B /* RectSize.swift in Sources */,
				FF5C5DDA1AAF782A00CE6981 /* AI.swift in Sources */,
				02BC427F1AC88B230089639B /* Util.swift in Sources */,
				0225A24B1AB8A6E300EA72C8 /* Extension.swift in Sources */,
				02F21BB01ABA51B800487782 /* AI-Greedy.swift in Sources */,
				02107C981AACCC4400CFF8FF /* GameBoardView.swift in Sources */,
				02BC428A1AC8F18C0089639B /* ViewController.swift in Sources */,
				02C2A86D1AC9E9EF002DEB97 /* BlackSelectionControl.swift in Sources */,
				0225A24D1AB8FABE00EA72C8 /* AI-Random.swift in Sources */,
				02107CA11AAD244A00CFF8FF /* GameModelTypes.swift in Sources */,
				02BC42891AC8F18C0089639B /* PresentingAnimator.swift in Sources */,
				02BC428C1AC8F20B0089639B /* SettingViewController.swift in Sources */,
				02C2A86F1AC9EC10002DEB97 /* AIAlgorithmCell.swift in Sources */,
				02F21BAE1ABA3EDD00487782 /* GameModelHelper.swift in Sources */,
				0297205E1AC65377009B86D2 /* BlackBorderButton.swift in Sources */,
				023EDE801AAA325100F5B9C5 /* AppDelegate.swift in Sources */,
				02BC42881AC8F18C0089639B /* ConfirmViewController.swift in Sources */,
				028159611AAD07E500C795D9 /* TileView.swift in Sources */,
				02BC427C1AC88B230089639B /* Game2048Board.swift in Sources */,
				02BC427D1AC88B230089639B /* NTuple.swift in Sources */,
				02C2A86B1AC9DFF3002DEB97 /* BlackSlider.swift in Sources */,
				02BC427B1AC88B230089639B /* Action2048.swift in Sources */,
				02107C9F1AAD240400CFF8FF /* GameModel.swift in Sources */,
				02107C9A1AAD1F0000CFF8FF /* ScoreView.swift in Sources */,
				0225A2491AB7DD9000EA72C8 /* ZHLogger.swift in Sources */,
				0225A2421AB7D74500EA72C8 /* GameBoardAssistant.swift in Sources */,
			);
			runOnlyForDeploymentPostprocessing = 0;
		};
		023EDE8B1AAA325100F5B9C5 /* Sources */ = {
			isa = PBXSourcesBuildPhase;
			buildActionMask = 2147483647;
			files = (
				023EDE961AAA325100F5B9C5 /* _048_SolverTests.swift in Sources */,
			);
			runOnlyForDeploymentPostprocessing = 0;
		};
/* End PBXSourcesBuildPhase section */

/* Begin PBXTargetDependency section */
		023EDE911AAA325100F5B9C5 /* PBXTargetDependency */ = {
			isa = PBXTargetDependency;
			target = 023EDE791AAA325100F5B9C5 /* 2048 Solver */;
			targetProxy = 023EDE901AAA325100F5B9C5 /* PBXContainerItemProxy */;
		};
/* End PBXTargetDependency section */

/* Begin PBXVariantGroup section */
		023EDE831AAA325100F5B9C5 /* Main.storyboard */ = {
			isa = PBXVariantGroup;
			children = (
				023EDE841AAA325100F5B9C5 /* Base */,
			);
			name = Main.storyboard;
			sourceTree = "<group>";
		};
		023EDE881AAA325100F5B9C5 /* LaunchScreen.xib */ = {
			isa = PBXVariantGroup;
			children = (
				023EDE891AAA325100F5B9C5 /* Base */,
			);
			name = LaunchScreen.xib;
			sourceTree = "<group>";
		};
/* End PBXVariantGroup section */

/* Begin XCBuildConfiguration section */
		023EDE971AAA325100F5B9C5 /* Debug */ = {
			isa = XCBuildConfiguration;
			buildSettings = {
				ALWAYS_SEARCH_USER_PATHS = NO;
				CLANG_CXX_LANGUAGE_STANDARD = "gnu++0x";
				CLANG_CXX_LIBRARY = "libc++";
				CLANG_ENABLE_MODULES = YES;
				CLANG_ENABLE_OBJC_ARC = YES;
				CLANG_WARN_BOOL_CONVERSION = YES;
				CLANG_WARN_CONSTANT_CONVERSION = YES;
				CLANG_WARN_DIRECT_OBJC_ISA_USAGE = YES_ERROR;
				CLANG_WARN_EMPTY_BODY = YES;
				CLANG_WARN_ENUM_CONVERSION = YES;
				CLANG_WARN_INT_CONVERSION = YES;
				CLANG_WARN_OBJC_ROOT_CLASS = YES_ERROR;
				CLANG_WARN_UNREACHABLE_CODE = YES;
				CLANG_WARN__DUPLICATE_METHOD_MATCH = YES;
				"CODE_SIGN_IDENTITY[sdk=iphoneos*]" = "iPhone Developer";
				COPY_PHASE_STRIP = NO;
				DEBUG_INFORMATION_FORMAT = dwarf;
				ENABLE_STRICT_OBJC_MSGSEND = YES;
				GCC_C_LANGUAGE_STANDARD = gnu99;
				GCC_DYNAMIC_NO_PIC = NO;
				GCC_NO_COMMON_BLOCKS = YES;
				GCC_OPTIMIZATION_LEVEL = 0;
				GCC_PREPROCESSOR_DEFINITIONS = (
					"DEBUG=1",
					"$(inherited)",
				);
				GCC_SYMBOLS_PRIVATE_EXTERN = NO;
				GCC_WARN_64_TO_32_BIT_CONVERSION = YES;
				GCC_WARN_ABOUT_RETURN_TYPE = YES_ERROR;
				GCC_WARN_UNDECLARED_SELECTOR = YES;
				GCC_WARN_UNINITIALIZED_AUTOS = YES_AGGRESSIVE;
				GCC_WARN_UNUSED_FUNCTION = YES;
				GCC_WARN_UNUSED_VARIABLE = YES;
				IPHONEOS_DEPLOYMENT_TARGET = 8.3;
				MTL_ENABLE_DEBUG_INFO = YES;
				ONLY_ACTIVE_ARCH = YES;
				SDKROOT = iphoneos;
				SWIFT_OPTIMIZATION_LEVEL = "-Onone";
			};
			name = Debug;
		};
		023EDE981AAA325100F5B9C5 /* Release */ = {
			isa = XCBuildConfiguration;
			buildSettings = {
				ALWAYS_SEARCH_USER_PATHS = NO;
				CLANG_CXX_LANGUAGE_STANDARD = "gnu++0x";
				CLANG_CXX_LIBRARY = "libc++";
				CLANG_ENABLE_MODULES = YES;
				CLANG_ENABLE_OBJC_ARC = YES;
				CLANG_WARN_BOOL_CONVERSION = YES;
				CLANG_WARN_CONSTANT_CONVERSION = YES;
				CLANG_WARN_DIRECT_OBJC_ISA_USAGE = YES_ERROR;
				CLANG_WARN_EMPTY_BODY = YES;
				CLANG_WARN_ENUM_CONVERSION = YES;
				CLANG_WARN_INT_CONVERSION = YES;
				CLANG_WARN_OBJC_ROOT_CLASS = YES_ERROR;
				CLANG_WARN_UNREACHABLE_CODE = YES;
				CLANG_WARN__DUPLICATE_METHOD_MATCH = YES;
				"CODE_SIGN_IDENTITY[sdk=iphoneos*]" = "iPhone Developer";
				COPY_PHASE_STRIP = NO;
				DEBUG_INFORMATION_FORMAT = "dwarf-with-dsym";
				ENABLE_NS_ASSERTIONS = NO;
				ENABLE_STRICT_OBJC_MSGSEND = YES;
				GCC_C_LANGUAGE_STANDARD = gnu99;
				GCC_NO_COMMON_BLOCKS = YES;
				GCC_WARN_64_TO_32_BIT_CONVERSION = YES;
				GCC_WARN_ABOUT_RETURN_TYPE = YES_ERROR;
				GCC_WARN_UNDECLARED_SELECTOR = YES;
				GCC_WARN_UNINITIALIZED_AUTOS = YES_AGGRESSIVE;
				GCC_WARN_UNUSED_FUNCTION = YES;
				GCC_WARN_UNUSED_VARIABLE = YES;
				IPHONEOS_DEPLOYMENT_TARGET = 8.3;
				MTL_ENABLE_DEBUG_INFO = NO;
				SDKROOT = iphoneos;
				VALIDATE_PRODUCT = YES;
			};
			name = Release;
		};
		023EDE9A1AAA325100F5B9C5 /* Debug */ = {
			isa = XCBuildConfiguration;
			buildSettings = {
				ASSETCATALOG_COMPILER_APPICON_NAME = AppIcon;
				INFOPLIST_FILE = "2048 Solver/Info.plist";
				IPHONEOS_DEPLOYMENT_TARGET = 8.0;
				LD_RUNPATH_SEARCH_PATHS = "$(inherited) @executable_path/Frameworks";
				OTHER_SWIFT_FLAGS = "-D DEBUG";
				PRODUCT_NAME = "$(TARGET_NAME)";
			};
			name = Debug;
		};
		023EDE9B1AAA325100F5B9C5 /* Release */ = {
			isa = XCBuildConfiguration;
			buildSettings = {
				ASSETCATALOG_COMPILER_APPICON_NAME = AppIcon;
				INFOPLIST_FILE = "2048 Solver/Info.plist";
				IPHONEOS_DEPLOYMENT_TARGET = 8.0;
				LD_RUNPATH_SEARCH_PATHS = "$(inherited) @executable_path/Frameworks";
				PRODUCT_NAME = "$(TARGET_NAME)";
			};
			name = Release;
		};
		023EDE9D1AAA325100F5B9C5 /* Debug */ = {
			isa = XCBuildConfiguration;
			buildSettings = {
				BUNDLE_LOADER = "$(TEST_HOST)";
				FRAMEWORK_SEARCH_PATHS = (
					"$(SDKROOT)/Developer/Library/Frameworks",
					"$(inherited)",
				);
				GCC_PREPROCESSOR_DEFINITIONS = (
					"DEBUG=1",
					"$(inherited)",
				);
				INFOPLIST_FILE = "2048 SolverTests/Info.plist";
				IPHONEOS_DEPLOYMENT_TARGET = 8.0;
				LD_RUNPATH_SEARCH_PATHS = "$(inherited) @executable_path/Frameworks @loader_path/Frameworks";
				PRODUCT_NAME = "$(TARGET_NAME)";
				TEST_HOST = "$(BUILT_PRODUCTS_DIR)/2048 Solver.app/2048 Solver";
			};
			name = Debug;
		};
		023EDE9E1AAA325100F5B9C5 /* Release */ = {
			isa = XCBuildConfiguration;
			buildSettings = {
				BUNDLE_LOADER = "$(TEST_HOST)";
				FRAMEWORK_SEARCH_PATHS = (
					"$(SDKROOT)/Developer/Library/Frameworks",
					"$(inherited)",
				);
				INFOPLIST_FILE = "2048 SolverTests/Info.plist";
				IPHONEOS_DEPLOYMENT_TARGET = 8.0;
				LD_RUNPATH_SEARCH_PATHS = "$(inherited) @executable_path/Frameworks @loader_path/Frameworks";
				PRODUCT_NAME = "$(TARGET_NAME)";
				TEST_HOST = "$(BUILT_PRODUCTS_DIR)/2048 Solver.app/2048 Solver";
			};
			name = Release;
		};
/* End XCBuildConfiguration section */

/* Begin XCConfigurationList section */
		023EDE751AAA325100F5B9C5 /* Build configuration list for PBXProject "2048 Solver" */ = {
			isa = XCConfigurationList;
			buildConfigurations = (
				023EDE971AAA325100F5B9C5 /* Debug */,
				023EDE981AAA325100F5B9C5 /* Release */,
			);
			defaultConfigurationIsVisible = 0;
			defaultConfigurationName = Release;
		};
		023EDE991AAA325100F5B9C5 /* Build configuration list for PBXNativeTarget "2048 Solver" */ = {
			isa = XCConfigurationList;
			buildConfigurations = (
				023EDE9A1AAA325100F5B9C5 /* Debug */,
				023EDE9B1AAA325100F5B9C5 /* Release */,
			);
			defaultConfigurationIsVisible = 0;
			defaultConfigurationName = Release;
		};
		023EDE9C1AAA325100F5B9C5 /* Build configuration list for PBXNativeTarget "2048 SolverTests" */ = {
			isa = XCConfigurationList;
			buildConfigurations = (
				023EDE9D1AAA325100F5B9C5 /* Debug */,
				023EDE9E1AAA325100F5B9C5 /* Release */,
			);
			defaultConfigurationIsVisible = 0;
			defaultConfigurationName = Release;
		};
/* End XCConfigurationList section */
	};
	rootObject = 023EDE721AAA325100F5B9C5 /* Project object */;
}
