// !$*UTF8*$!
{
	archiveVersion = 1;
	classes = {
	};
	objectVersion = 46;
	objects = {

/* Begin PBXBuildFile section */
		020BAE161ACA54220074EFE4 /* GameEndViewController.swift in Sources */ = {isa = PBXBuildFile; fileRef = 020BAE151ACA54220074EFE4 /* GameEndViewController.swift */; };
		02107C981AACCC4400CFF8FF /* GameBoardView.swift in Sources */ = {isa = PBXBuildFile; fileRef = 02107C971AACCC4400CFF8FF /* GameBoardView.swift */; };
		02107C9A1AAD1F0000CFF8FF /* ScoreView.swift in Sources */ = {isa = PBXBuildFile; fileRef = 02107C991AAD1F0000CFF8FF /* ScoreView.swift */; };
		02107C9C1AAD220800CFF8FF /* Appearance.swift in Sources */ = {isa = PBXBuildFile; fileRef = 02107C9B1AAD220800CFF8FF /* Appearance.swift */; };
		02107C9F1AAD240400CFF8FF /* GameModel.swift in Sources */ = {isa = PBXBuildFile; fileRef = 02107C9E1AAD240400CFF8FF /* GameModel.swift */; };
		02107CA11AAD244A00CFF8FF /* GameModelTypes.swift in Sources */ = {isa = PBXBuildFile; fileRef = 02107CA01AAD244A00CFF8FF /* GameModelTypes.swift */; };
		0225A2421AB7D74500EA72C8 /* GameBoardAssistant.swift in Sources */ = {isa = PBXBuildFile; fileRef = 0225A2411AB7D74500EA72C8 /* GameBoardAssistant.swift */; };
		0225A2491AB7DD9000EA72C8 /* ZHLogger.swift in Sources */ = {isa = PBXBuildFile; fileRef = 0225A2481AB7DD9000EA72C8 /* ZHLogger.swift */; };
		0225A24B1AB8A6E300EA72C8 /* Extension.swift in Sources */ = {isa = PBXBuildFile; fileRef = 0225A24A1AB8A6E300EA72C8 /* Extension.swift */; };
		0225A24D1AB8FABE00EA72C8 /* AI-Random.swift in Sources */ = {isa = PBXBuildFile; fileRef = 0225A24C1AB8FABE00EA72C8 /* AI-Random.swift */; };
		023EDE801AAA325100F5B9C5 /* AppDelegate.swift in Sources */ = {isa = PBXBuildFile; fileRef = 023EDE7F1AAA325100F5B9C5 /* AppDelegate.swift */; };
		023EDE851AAA325100F5B9C5 /* Main.storyboard in Resources */ = {isa = PBXBuildFile; fileRef = 023EDE831AAA325100F5B9C5 /* Main.storyboard */; };
		023EDE871AAA325100F5B9C5 /* Images.xcassets in Resources */ = {isa = PBXBuildFile; fileRef = 023EDE861AAA325100F5B9C5 /* Images.xcassets */; };
		023EDE8A1AAA325100F5B9C5 /* LaunchScreen.xib in Resources */ = {isa = PBXBuildFile; fileRef = 023EDE881AAA325100F5B9C5 /* LaunchScreen.xib */; };
		023EDE961AAA325100F5B9C5 /* _048_SolverTests.swift in Sources */ = {isa = PBXBuildFile; fileRef = 023EDE951AAA325100F5B9C5 /* _048_SolverTests.swift */; };
		0243DDE61AD341E0000CB475 /* UIApplication+AppVersion.m in Sources */ = {isa = PBXBuildFile; fileRef = 0243DDE31AD341E0000CB475 /* UIApplication+AppVersion.m */; };
		0243DDE71AD341E0000CB475 /* UIDevice-Hardware.m in Sources */ = {isa = PBXBuildFile; fileRef = 0243DDE51AD341E0000CB475 /* UIDevice-Hardware.m */; };
		0243DDEA1AD34330000CB475 /* ZHHParseDevice.m in Sources */ = {isa = PBXBuildFile; fileRef = 0243DDE91AD34330000CB475 /* ZHHParseDevice.m */; };
		0243DDEC1AD34825000CB475 /* CoreData.framework in Frameworks */ = {isa = PBXBuildFile; fileRef = 0243DDEB1AD34825000CB475 /* CoreData.framework */; };
		0249C9C51ACB1AE5000E954F /* AI-Expectimax.swift in Sources */ = {isa = PBXBuildFile; fileRef = 0249C9C41ACB1AE5000E954F /* AI-Expectimax.swift */; };
		024FB1F51AD3300200C6453E /* AudioToolbox.framework in Frameworks */ = {isa = PBXBuildFile; fileRef = 024FB1F41AD3300200C6453E /* AudioToolbox.framework */; };
		028159611AAD07E500C795D9 /* TileView.swift in Sources */ = {isa = PBXBuildFile; fileRef = 028159601AAD07E500C795D9 /* TileView.swift */; };
		0297205E1AC65377009B86D2 /* BlackBorderButton.swift in Sources */ = {isa = PBXBuildFile; fileRef = 0297205D1AC65377009B86D2 /* BlackBorderButton.swift */; };
		02BC427B1AC88B230089639B /* Action2048.swift in Sources */ = {isa = PBXBuildFile; fileRef = 02BC42761AC88B230089639B /* Action2048.swift */; };
		02BC427C1AC88B230089639B /* Game2048Board.swift in Sources */ = {isa = PBXBuildFile; fileRef = 02BC42771AC88B230089639B /* Game2048Board.swift */; };
		02BC427D1AC88B230089639B /* NTuple.swift in Sources */ = {isa = PBXBuildFile; fileRef = 02BC42781AC88B230089639B /* NTuple.swift */; };
		02BC427E1AC88B230089639B /* RectSize.swift in Sources */ = {isa = PBXBuildFile; fileRef = 02BC42791AC88B230089639B /* RectSize.swift */; };
		02BC427F1AC88B230089639B /* Util.swift in Sources */ = {isa = PBXBuildFile; fileRef = 02BC427A1AC88B230089639B /* Util.swift */; };
		02BC42881AC8F18C0089639B /* ConfirmViewController.swift in Sources */ = {isa = PBXBuildFile; fileRef = 02BC42851AC8F18C0089639B /* ConfirmViewController.swift */; };
		02BC42891AC8F18C0089639B /* PresentingAnimator.swift in Sources */ = {isa = PBXBuildFile; fileRef = 02BC42861AC8F18C0089639B /* PresentingAnimator.swift */; };
		02BC428A1AC8F18C0089639B /* ViewController.swift in Sources */ = {isa = PBXBuildFile; fileRef = 02BC42871AC8F18C0089639B /* ViewController.swift */; };
		02BC428C1AC8F20B0089639B /* SettingViewController.swift in Sources */ = {isa = PBXBuildFile; fileRef = 02BC428B1AC8F20B0089639B /* SettingViewController.swift */; };
		02C2A86B1AC9DFF3002DEB97 /* BlackSlider.swift in Sources */ = {isa = PBXBuildFile; fileRef = 02C2A86A1AC9DFF3002DEB97 /* BlackSlider.swift */; };
		02C2A86D1AC9E9EF002DEB97 /* BlackSelectionControl.swift in Sources */ = {isa = PBXBuildFile; fileRef = 02C2A86C1AC9E9EF002DEB97 /* BlackSelectionControl.swift */; };
		02C2A86F1AC9EC10002DEB97 /* AIAlgorithmCell.swift in Sources */ = {isa = PBXBuildFile; fileRef = 02C2A86E1AC9EC10002DEB97 /* AIAlgorithmCell.swift */; };
		02DBF5811AB269E7007EE133 /* move.wav in Resources */ = {isa = PBXBuildFile; fileRef = 02DBF5801AB269E7007EE133 /* move.wav */; };
		02F21BAE1ABA3EDD00487782 /* GameModelHelper.swift in Sources */ = {isa = PBXBuildFile; fileRef = 02F21BAD1ABA3EDD00487782 /* GameModelHelper.swift */; };
		02F21BB01ABA51B800487782 /* AI-Greedy.swift in Sources */ = {isa = PBXBuildFile; fileRef = 02F21BAF1ABA51B800487782 /* AI-Greedy.swift */; };
		02FA01581AD32EA0009F73AD /* CFNetwork.framework in Frameworks */ = {isa = PBXBuildFile; fileRef = 02FA01571AD32EA0009F73AD /* CFNetwork.framework */; };
		02FA015A1AD32EA6009F73AD /* CoreGraphics.framework in Frameworks */ = {isa = PBXBuildFile; fileRef = 02FA01591AD32EA6009F73AD /* CoreGraphics.framework */; };
		02FA015C1AD32EAC009F73AD /* CoreLocation.framework in Frameworks */ = {isa = PBXBuildFile; fileRef = 02FA015B1AD32EAC009F73AD /* CoreLocation.framework */; };
		02FA015E1AD32EB3009F73AD /* MobileCoreServices.framework in Frameworks */ = {isa = PBXBuildFile; fileRef = 02FA015D1AD32EB3009F73AD /* MobileCoreServices.framework */; };
		02FA01601AD32EB9009F73AD /* QuartzCore.framework in Frameworks */ = {isa = PBXBuildFile; fileRef = 02FA015F1AD32EB9009F73AD /* QuartzCore.framework */; };
		02FA01621AD32EBE009F73AD /* Security.framework in Frameworks */ = {isa = PBXBuildFile; fileRef = 02FA01611AD32EBE009F73AD /* Security.framework */; };
		02FA01661AD32ECC009F73AD /* SystemConfiguration.framework in Frameworks */ = {isa = PBXBuildFile; fileRef = 02FA01651AD32ECC009F73AD /* SystemConfiguration.framework */; };
		02FA01681AD32ED2009F73AD /* libz.dylib in Frameworks */ = {isa = PBXBuildFile; fileRef = 02FA01671AD32ED2009F73AD /* libz.dylib */; };
		02FA016A1AD32EDE009F73AD /* libsqlite3.dylib in Frameworks */ = {isa = PBXBuildFile; fileRef = 02FA01691AD32EDE009F73AD /* libsqlite3.dylib */; };
		0E1423A41ACA16E5000E8B8B /* State2048.swift in Sources */ = {isa = PBXBuildFile; fileRef = 0E1423A31ACA16E5000E8B8B /* State2048.swift */; };
		0E1423A61ACA17BE000E8B8B /* NTuples.swift in Sources */ = {isa = PBXBuildFile; fileRef = 0E1423A51ACA17BE000E8B8B /* NTuples.swift */; };
		0E1423A81ACA4C4E000E8B8B /* DefaultNTupleEvaluator.swift in Sources */ = {isa = PBXBuildFile; fileRef = 0E1423A71ACA4C4E000E8B8B /* DefaultNTupleEvaluator.swift */; };
		0E1423AA1ACACEBA000E8B8B /* Transition.swift in Sources */ = {isa = PBXBuildFile; fileRef = 0E1423A91ACACEBA000E8B8B /* Transition.swift */; };
		0E1423AC1ACAE58A000E8B8B /* GameYS.swift in Sources */ = {isa = PBXBuildFile; fileRef = 0E1423AB1ACAE58A000E8B8B /* GameYS.swift */; };
		0E1423AE1ACAF879000E8B8B /* TDLGame2048.swift in Sources */ = {isa = PBXBuildFile; fileRef = 0E1423AD1ACAF879000E8B8B /* TDLGame2048.swift */; };
		0E1423B01ACB4707000E8B8B /* Game2048ExperimentTDL.swift in Sources */ = {isa = PBXBuildFile; fileRef = 0E1423AF1ACB4707000E8B8B /* Game2048ExperimentTDL.swift */; };
		0E1423B21ACB4ADE000E8B8B /* NTuplesAllStraightFactory.swift in Sources */ = {isa = PBXBuildFile; fileRef = 0E1423B11ACB4ADE000E8B8B /* NTuplesAllStraightFactory.swift */; };
		0E1423B41ACB7C5A000E8B8B /* BoardPos.swift in Sources */ = {isa = PBXBuildFile; fileRef = 0E1423B31ACB7C5A000E8B8B /* BoardPos.swift */; };
		0E1423B61ACB7D41000E8B8B /* BoardPosList.swift in Sources */ = {isa = PBXBuildFile; fileRef = 0E1423B51ACB7D41000E8B8B /* BoardPosList.swift */; };
		0E1423BA1ACBA1F9000E8B8B /* NTuplesBuilder.swift in Sources */ = {isa = PBXBuildFile; fileRef = 0E1423B91ACBA1F9000E8B8B /* NTuplesBuilder.swift */; };
		0E1423BC1ACBA7B8000E8B8B /* CollectionUtils.swift in Sources */ = {isa = PBXBuildFile; fileRef = 0E1423BB1ACBA7B8000E8B8B /* CollectionUtils.swift */; };
		0E1423BE1ACBC141000E8B8B /* NTuplesAllRectanglesFactory.swift in Sources */ = {isa = PBXBuildFile; fileRef = 0E1423BD1ACBC141000E8B8B /* NTuplesAllRectanglesFactory.swift */; };
		895DF833217BE0DBE594D5D5 /* Pods_2048X_AI.framework in Frameworks */ = {isa = PBXBuildFile; fileRef = 4451BCDDEA52C8EDF6C993AA /* Pods_2048X_AI.framework */; settings = {ATTRIBUTES = (Weak, ); }; };
		E431E4911B896E6700B28290 /* Podfile in Resources */ = {isa = PBXBuildFile; fileRef = E431E4901B896E6700B28290 /* Podfile */; };
		FF5C5DDA1AAF782A00CE6981 /* AI.swift in Sources */ = {isa = PBXBuildFile; fileRef = FF5C5DD91AAF782A00CE6981 /* AI.swift */; };
/* End PBXBuildFile section */

/* Begin PBXContainerItemProxy section */
		023EDE901AAA325100F5B9C5 /* PBXContainerItemProxy */ = {
			isa = PBXContainerItemProxy;
			containerPortal = 023EDE721AAA325100F5B9C5 /* Project object */;
			proxyType = 1;
			remoteGlobalIDString = 023EDE791AAA325100F5B9C5;
			remoteInfo = "2048 Solver";
		};
/* End PBXContainerItemProxy section */

/* Begin PBXFileReference section */
		020BAE151ACA54220074EFE4 /* GameEndViewController.swift */ = {isa = PBXFileReference; fileEncoding = 4; lastKnownFileType = sourcecode.swift; path = GameEndViewController.swift; sourceTree = "<group>"; };
		02107C971AACCC4400CFF8FF /* GameBoardView.swift */ = {isa = PBXFileReference; fileEncoding = 4; lastKnownFileType = sourcecode.swift; path = GameBoardView.swift; sourceTree = "<group>"; };
		02107C991AAD1F0000CFF8FF /* ScoreView.swift */ = {isa = PBXFileReference; fileEncoding = 4; lastKnownFileType = sourcecode.swift; path = ScoreView.swift; sourceTree = "<group>"; };
		02107C9B1AAD220800CFF8FF /* Appearance.swift */ = {isa = PBXFileReference; fileEncoding = 4; lastKnownFileType = sourcecode.swift; path = Appearance.swift; sourceTree = "<group>"; };
		02107C9E1AAD240400CFF8FF /* GameModel.swift */ = {isa = PBXFileReference; fileEncoding = 4; lastKnownFileType = sourcecode.swift; path = GameModel.swift; sourceTree = "<group>"; };
		02107CA01AAD244A00CFF8FF /* GameModelTypes.swift */ = {isa = PBXFileReference; fileEncoding = 4; lastKnownFileType = sourcecode.swift; path = GameModelTypes.swift; sourceTree = "<group>"; };
		0225A2411AB7D74500EA72C8 /* GameBoardAssistant.swift */ = {isa = PBXFileReference; fileEncoding = 4; lastKnownFileType = sourcecode.swift; path = GameBoardAssistant.swift; sourceTree = "<group>"; };
		0225A2481AB7DD9000EA72C8 /* ZHLogger.swift */ = {isa = PBXFileReference; fileEncoding = 4; lastKnownFileType = sourcecode.swift; path = ZHLogger.swift; sourceTree = "<group>"; };
		0225A24A1AB8A6E300EA72C8 /* Extension.swift */ = {isa = PBXFileReference; fileEncoding = 4; lastKnownFileType = sourcecode.swift; path = Extension.swift; sourceTree = "<group>"; };
		0225A24C1AB8FABE00EA72C8 /* AI-Random.swift */ = {isa = PBXFileReference; fileEncoding = 4; lastKnownFileType = sourcecode.swift; path = "AI-Random.swift"; sourceTree = "<group>"; };
		023EDE7A1AAA325100F5B9C5 /* 2048X AI.app */ = {isa = PBXFileReference; explicitFileType = wrapper.application; includeInIndex = 0; path = "2048X AI.app"; sourceTree = BUILT_PRODUCTS_DIR; };
		023EDE7E1AAA325100F5B9C5 /* Info.plist */ = {isa = PBXFileReference; lastKnownFileType = text.plist.xml; path = Info.plist; sourceTree = "<group>"; };
		023EDE7F1AAA325100F5B9C5 /* AppDelegate.swift */ = {isa = PBXFileReference; lastKnownFileType = sourcecode.swift; path = AppDelegate.swift; sourceTree = "<group>"; };
		023EDE841AAA325100F5B9C5 /* Base */ = {isa = PBXFileReference; lastKnownFileType = file.storyboard; name = Base; path = Base.lproj/Main.storyboard; sourceTree = "<group>"; };
		023EDE861AAA325100F5B9C5 /* Images.xcassets */ = {isa = PBXFileReference; lastKnownFileType = folder.assetcatalog; path = Images.xcassets; sourceTree = "<group>"; };
		023EDE891AAA325100F5B9C5 /* Base */ = {isa = PBXFileReference; lastKnownFileType = file.xib; name = Base; path = Base.lproj/LaunchScreen.xib; sourceTree = "<group>"; };
		023EDE8F1AAA325100F5B9C5 /* 2048 SolverTests.xctest */ = {isa = PBXFileReference; explicitFileType = wrapper.cfbundle; includeInIndex = 0; path = "2048 SolverTests.xctest"; sourceTree = BUILT_PRODUCTS_DIR; };
		023EDE941AAA325100F5B9C5 /* Info.plist */ = {isa = PBXFileReference; lastKnownFileType = text.plist.xml; path = Info.plist; sourceTree = "<group>"; };
		023EDE951AAA325100F5B9C5 /* _048_SolverTests.swift */ = {isa = PBXFileReference; lastKnownFileType = sourcecode.swift; path = _048_SolverTests.swift; sourceTree = "<group>"; };
		0243DDDD1AD340BA000CB475 /* 2048X AI-Bridging-Header.h */ = {isa = PBXFileReference; lastKnownFileType = sourcecode.c.h; path = "2048X AI-Bridging-Header.h"; sourceTree = "<group>"; };
		0243DDE21AD341E0000CB475 /* UIApplication+AppVersion.h */ = {isa = PBXFileReference; fileEncoding = 4; lastKnownFileType = sourcecode.c.h; path = "UIApplication+AppVersion.h"; sourceTree = "<group>"; };
		0243DDE31AD341E0000CB475 /* UIApplication+AppVersion.m */ = {isa = PBXFileReference; fileEncoding = 4; lastKnownFileType = sourcecode.c.objc; path = "UIApplication+AppVersion.m"; sourceTree = "<group>"; };
		0243DDE41AD341E0000CB475 /* UIDevice-Hardware.h */ = {isa = PBXFileReference; fileEncoding = 4; lastKnownFileType = sourcecode.c.h; path = "UIDevice-Hardware.h"; sourceTree = "<group>"; };
		0243DDE51AD341E0000CB475 /* UIDevice-Hardware.m */ = {isa = PBXFileReference; fileEncoding = 4; lastKnownFileType = sourcecode.c.objc; path = "UIDevice-Hardware.m"; sourceTree = "<group>"; };
		0243DDE81AD34330000CB475 /* ZHHParseDevice.h */ = {isa = PBXFileReference; fileEncoding = 4; lastKnownFileType = sourcecode.c.h; path = ZHHParseDevice.h; sourceTree = "<group>"; };
		0243DDE91AD34330000CB475 /* ZHHParseDevice.m */ = {isa = PBXFileReference; fileEncoding = 4; lastKnownFileType = sourcecode.c.objc; path = ZHHParseDevice.m; sourceTree = "<group>"; };
		0243DDEB1AD34825000CB475 /* CoreData.framework */ = {isa = PBXFileReference; lastKnownFileType = wrapper.framework; name = CoreData.framework; path = System/Library/Frameworks/CoreData.framework; sourceTree = SDKROOT; };
		0243DDED1AD34851000CB475 /* libPods-2048X AI-GoogleAnalytics-iOS-SDK.a */ = {isa = PBXFileReference; lastKnownFileType = archive.ar; name = "libPods-2048X AI-GoogleAnalytics-iOS-SDK.a"; path = "Pods/../build/Debug-iphoneos/libPods-2048X AI-GoogleAnalytics-iOS-SDK.a"; sourceTree = "<group>"; };
		0243DDEF1AD34884000CB475 /* libPods-2048X AI-GoogleAnalytics-iOS-SDK.a */ = {isa = PBXFileReference; lastKnownFileType = archive.ar; name = "libPods-2048X AI-GoogleAnalytics-iOS-SDK.a"; path = "Pods/../build/Debug-iphoneos/libPods-2048X AI-GoogleAnalytics-iOS-SDK.a"; sourceTree = "<group>"; };
		0243DDF11AD348A3000CB475 /* libPods-2048X AI-GoogleAnalytics-iOS-SDK.a */ = {isa = PBXFileReference; lastKnownFileType = archive.ar; name = "libPods-2048X AI-GoogleAnalytics-iOS-SDK.a"; path = "Pods/../build/Debug-iphoneos/libPods-2048X AI-GoogleAnalytics-iOS-SDK.a"; sourceTree = "<group>"; };
		0249C9C41ACB1AE5000E954F /* AI-Expectimax.swift */ = {isa = PBXFileReference; fileEncoding = 4; lastKnownFileType = sourcecode.swift; path = "AI-Expectimax.swift"; sourceTree = "<group>"; };
		024FB1F41AD3300200C6453E /* AudioToolbox.framework */ = {isa = PBXFileReference; lastKnownFileType = wrapper.framework; name = AudioToolbox.framework; path = System/Library/Frameworks/AudioToolbox.framework; sourceTree = SDKROOT; };
		028159601AAD07E500C795D9 /* TileView.swift */ = {isa = PBXFileReference; fileEncoding = 4; lastKnownFileType = sourcecode.swift; path = TileView.swift; sourceTree = "<group>"; };
		0297205D1AC65377009B86D2 /* BlackBorderButton.swift */ = {isa = PBXFileReference; fileEncoding = 4; lastKnownFileType = sourcecode.swift; path = BlackBorderButton.swift; sourceTree = "<group>"; };
		02BC42761AC88B230089639B /* Action2048.swift */ = {isa = PBXFileReference; fileEncoding = 4; lastKnownFileType = sourcecode.swift; path = Action2048.swift; sourceTree = "<group>"; };
		02BC42771AC88B230089639B /* Game2048Board.swift */ = {isa = PBXFileReference; fileEncoding = 4; lastKnownFileType = sourcecode.swift; path = Game2048Board.swift; sourceTree = "<group>"; };
		02BC42781AC88B230089639B /* NTuple.swift */ = {isa = PBXFileReference; fileEncoding = 4; lastKnownFileType = sourcecode.swift; path = NTuple.swift; sourceTree = "<group>"; };
		02BC42791AC88B230089639B /* RectSize.swift */ = {isa = PBXFileReference; fileEncoding = 4; lastKnownFileType = sourcecode.swift; path = RectSize.swift; sourceTree = "<group>"; };
		02BC427A1AC88B230089639B /* Util.swift */ = {isa = PBXFileReference; fileEncoding = 4; lastKnownFileType = sourcecode.swift; path = Util.swift; sourceTree = "<group>"; };
		02BC42851AC8F18C0089639B /* ConfirmViewController.swift */ = {isa = PBXFileReference; fileEncoding = 4; lastKnownFileType = sourcecode.swift; path = ConfirmViewController.swift; sourceTree = "<group>"; };
		02BC42861AC8F18C0089639B /* PresentingAnimator.swift */ = {isa = PBXFileReference; fileEncoding = 4; lastKnownFileType = sourcecode.swift; path = PresentingAnimator.swift; sourceTree = "<group>"; };
		02BC42871AC8F18C0089639B /* ViewController.swift */ = {isa = PBXFileReference; fileEncoding = 4; lastKnownFileType = sourcecode.swift; path = ViewController.swift; sourceTree = "<group>"; };
		02BC428B1AC8F20B0089639B /* SettingViewController.swift */ = {isa = PBXFileReference; fileEncoding = 4; lastKnownFileType = sourcecode.swift; path = SettingViewController.swift; sourceTree = "<group>"; };
		02C2A86A1AC9DFF3002DEB97 /* BlackSlider.swift */ = {isa = PBXFileReference; fileEncoding = 4; lastKnownFileType = sourcecode.swift; path = BlackSlider.swift; sourceTree = "<group>"; };
		02C2A86C1AC9E9EF002DEB97 /* BlackSelectionControl.swift */ = {isa = PBXFileReference; fileEncoding = 4; lastKnownFileType = sourcecode.swift; path = BlackSelectionControl.swift; sourceTree = "<group>"; };
		02C2A86E1AC9EC10002DEB97 /* AIAlgorithmCell.swift */ = {isa = PBXFileReference; fileEncoding = 4; lastKnownFileType = sourcecode.swift; path = AIAlgorithmCell.swift; sourceTree = "<group>"; };
		02DBF5801AB269E7007EE133 /* move.wav */ = {isa = PBXFileReference; lastKnownFileType = audio.wav; path = move.wav; sourceTree = "<group>"; };
		02F21BAD1ABA3EDD00487782 /* GameModelHelper.swift */ = {isa = PBXFileReference; fileEncoding = 4; lastKnownFileType = sourcecode.swift; path = GameModelHelper.swift; sourceTree = "<group>"; };
		02F21BAF1ABA51B800487782 /* AI-Greedy.swift */ = {isa = PBXFileReference; fileEncoding = 4; lastKnownFileType = sourcecode.swift; path = "AI-Greedy.swift"; sourceTree = "<group>"; };
		02FA01551AD32E99009F73AD /* AudioUnit.framework */ = {isa = PBXFileReference; lastKnownFileType = wrapper.framework; name = AudioUnit.framework; path = System/Library/Frameworks/AudioUnit.framework; sourceTree = SDKROOT; };
		02FA01571AD32EA0009F73AD /* CFNetwork.framework */ = {isa = PBXFileReference; lastKnownFileType = wrapper.framework; name = CFNetwork.framework; path = System/Library/Frameworks/CFNetwork.framework; sourceTree = SDKROOT; };
		02FA01591AD32EA6009F73AD /* CoreGraphics.framework */ = {isa = PBXFileReference; lastKnownFileType = wrapper.framework; name = CoreGraphics.framework; path = System/Library/Frameworks/CoreGraphics.framework; sourceTree = SDKROOT; };
		02FA015B1AD32EAC009F73AD /* CoreLocation.framework */ = {isa = PBXFileReference; lastKnownFileType = wrapper.framework; name = CoreLocation.framework; path = System/Library/Frameworks/CoreLocation.framework; sourceTree = SDKROOT; };
		02FA015D1AD32EB3009F73AD /* MobileCoreServices.framework */ = {isa = PBXFileReference; lastKnownFileType = wrapper.framework; name = MobileCoreServices.framework; path = System/Library/Frameworks/MobileCoreServices.framework; sourceTree = SDKROOT; };
		02FA015F1AD32EB9009F73AD /* QuartzCore.framework */ = {isa = PBXFileReference; lastKnownFileType = wrapper.framework; name = QuartzCore.framework; path = System/Library/Frameworks/QuartzCore.framework; sourceTree = SDKROOT; };
		02FA01611AD32EBE009F73AD /* Security.framework */ = {isa = PBXFileReference; lastKnownFileType = wrapper.framework; name = Security.framework; path = System/Library/Frameworks/Security.framework; sourceTree = SDKROOT; };
		02FA01651AD32ECC009F73AD /* SystemConfiguration.framework */ = {isa = PBXFileReference; lastKnownFileType = wrapper.framework; name = SystemConfiguration.framework; path = System/Library/Frameworks/SystemConfiguration.framework; sourceTree = SDKROOT; };
		02FA01671AD32ED2009F73AD /* libz.dylib */ = {isa = PBXFileReference; lastKnownFileType = "compiled.mach-o.dylib"; name = libz.dylib; path = usr/lib/libz.dylib; sourceTree = SDKROOT; };
		02FA01691AD32EDE009F73AD /* libsqlite3.dylib */ = {isa = PBXFileReference; lastKnownFileType = "compiled.mach-o.dylib"; name = libsqlite3.dylib; path = usr/lib/libsqlite3.dylib; sourceTree = SDKROOT; };
		0E1423A31ACA16E5000E8B8B /* State2048.swift */ = {isa = PBXFileReference; fileEncoding = 4; lastKnownFileType = sourcecode.swift; path = State2048.swift; sourceTree = "<group>"; };
		0E1423A51ACA17BE000E8B8B /* NTuples.swift */ = {isa = PBXFileReference; fileEncoding = 4; lastKnownFileType = sourcecode.swift; path = NTuples.swift; sourceTree = "<group>"; };
		0E1423A71ACA4C4E000E8B8B /* DefaultNTupleEvaluator.swift */ = {isa = PBXFileReference; fileEncoding = 4; lastKnownFileType = sourcecode.swift; path = DefaultNTupleEvaluator.swift; sourceTree = "<group>"; };
		0E1423A91ACACEBA000E8B8B /* Transition.swift */ = {isa = PBXFileReference; fileEncoding = 4; lastKnownFileType = sourcecode.swift; path = Transition.swift; sourceTree = "<group>"; };
		0E1423AB1ACAE58A000E8B8B /* GameYS.swift */ = {isa = PBXFileReference; fileEncoding = 4; lastKnownFileType = sourcecode.swift; path = GameYS.swift; sourceTree = "<group>"; };
		0E1423AD1ACAF879000E8B8B /* TDLGame2048.swift */ = {isa = PBXFileReference; fileEncoding = 4; lastKnownFileType = sourcecode.swift; path = TDLGame2048.swift; sourceTree = "<group>"; };
		0E1423AF1ACB4707000E8B8B /* Game2048ExperimentTDL.swift */ = {isa = PBXFileReference; fileEncoding = 4; lastKnownFileType = sourcecode.swift; path = Game2048ExperimentTDL.swift; sourceTree = "<group>"; };
		0E1423B11ACB4ADE000E8B8B /* NTuplesAllStraightFactory.swift */ = {isa = PBXFileReference; fileEncoding = 4; lastKnownFileType = sourcecode.swift; path = NTuplesAllStraightFactory.swift; sourceTree = "<group>"; };
		0E1423B31ACB7C5A000E8B8B /* BoardPos.swift */ = {isa = PBXFileReference; fileEncoding = 4; lastKnownFileType = sourcecode.swift; path = BoardPos.swift; sourceTree = "<group>"; };
		0E1423B51ACB7D41000E8B8B /* BoardPosList.swift */ = {isa = PBXFileReference; fileEncoding = 4; lastKnownFileType = sourcecode.swift; path = BoardPosList.swift; sourceTree = "<group>"; };
		0E1423B91ACBA1F9000E8B8B /* NTuplesBuilder.swift */ = {isa = PBXFileReference; fileEncoding = 4; lastKnownFileType = sourcecode.swift; path = NTuplesBuilder.swift; sourceTree = "<group>"; };
		0E1423BB1ACBA7B8000E8B8B /* CollectionUtils.swift */ = {isa = PBXFileReference; fileEncoding = 4; lastKnownFileType = sourcecode.swift; path = CollectionUtils.swift; sourceTree = "<group>"; };
		0E1423BD1ACBC141000E8B8B /* NTuplesAllRectanglesFactory.swift */ = {isa = PBXFileReference; fileEncoding = 4; lastKnownFileType = sourcecode.swift; path = NTuplesAllRectanglesFactory.swift; sourceTree = "<group>"; };
		4451BCDDEA52C8EDF6C993AA /* Pods_2048X_AI.framework */ = {isa = PBXFileReference; explicitFileType = wrapper.framework; includeInIndex = 0; path = Pods_2048X_AI.framework; sourceTree = BUILT_PRODUCTS_DIR; };
		4D1C6648B51A6D9F17DE554B /* Pods-2048X AI.debug.xcconfig */ = {isa = PBXFileReference; includeInIndex = 1; lastKnownFileType = text.xcconfig; name = "Pods-2048X AI.debug.xcconfig"; path = "Pods/Target Support Files/Pods-2048X AI/Pods-2048X AI.debug.xcconfig"; sourceTree = "<group>"; };
		5332D551904BF20FAA74301A /* Pods-2048X AI.release.xcconfig */ = {isa = PBXFileReference; includeInIndex = 1; lastKnownFileType = text.xcconfig; name = "Pods-2048X AI.release.xcconfig"; path = "Pods/Target Support Files/Pods-2048X AI/Pods-2048X AI.release.xcconfig"; sourceTree = "<group>"; };
		E431E4901B896E6700B28290 /* Podfile */ = {isa = PBXFileReference; fileEncoding = 4; lastKnownFileType = text; path = Podfile; sourceTree = "<group>"; };
		FF5C5DD91AAF782A00CE6981 /* AI.swift */ = {isa = PBXFileReference; fileEncoding = 4; lastKnownFileType = sourcecode.swift; path = AI.swift; sourceTree = "<group>"; };
/* End PBXFileReference section */

/* Begin PBXFrameworksBuildPhase section */
		023EDE771AAA325100F5B9C5 /* Frameworks */ = {
			isa = PBXFrameworksBuildPhase;
			buildActionMask = 2147483647;
			files = (
				02FA01661AD32ECC009F73AD /* SystemConfiguration.framework in Frameworks */,
				0243DDEC1AD34825000CB475 /* CoreData.framework in Frameworks */,
				024FB1F51AD3300200C6453E /* AudioToolbox.framework in Frameworks */,
				02FA016A1AD32EDE009F73AD /* libsqlite3.dylib in Frameworks */,
				02FA01681AD32ED2009F73AD /* libz.dylib in Frameworks */,
				02FA01621AD32EBE009F73AD /* Security.framework in Frameworks */,
				02FA01601AD32EB9009F73AD /* QuartzCore.framework in Frameworks */,
				02FA015E1AD32EB3009F73AD /* MobileCoreServices.framework in Frameworks */,
				02FA015C1AD32EAC009F73AD /* CoreLocation.framework in Frameworks */,
				02FA015A1AD32EA6009F73AD /* CoreGraphics.framework in Frameworks */,
				02FA01581AD32EA0009F73AD /* CFNetwork.framework in Frameworks */,
				895DF833217BE0DBE594D5D5 /* Pods_2048X_AI.framework in Frameworks */,
			);
			runOnlyForDeploymentPostprocessing = 0;
		};
		023EDE8C1AAA325100F5B9C5 /* Frameworks */ = {
			isa = PBXFrameworksBuildPhase;
			buildActionMask = 2147483647;
			files = (
			);
			runOnlyForDeploymentPostprocessing = 0;
		};
/* End PBXFrameworksBuildPhase section */

/* Begin PBXGroup section */
		02107C961AACCC4400CFF8FF /* View */ = {
			isa = PBXGroup;
			children = (
				02107C9B1AAD220800CFF8FF /* Appearance.swift */,
				02107C971AACCC4400CFF8FF /* GameBoardView.swift */,
				028159601AAD07E500C795D9 /* TileView.swift */,
				02107C991AAD1F0000CFF8FF /* ScoreView.swift */,
				0297205D1AC65377009B86D2 /* BlackBorderButton.swift */,
				02C2A86A1AC9DFF3002DEB97 /* BlackSlider.swift */,
				02C2A86C1AC9E9EF002DEB97 /* BlackSelectionControl.swift */,
				02C2A86E1AC9EC10002DEB97 /* AIAlgorithmCell.swift */,
			);
			path = View;
			sourceTree = "<group>";
		};
		02107C9D1AAD238D00CFF8FF /* Model */ = {
			isa = PBXGroup;
			children = (
				02107C9E1AAD240400CFF8FF /* GameModel.swift */,
				02107CA01AAD244A00CFF8FF /* GameModelTypes.swift */,
				02F21BAD1ABA3EDD00487782 /* GameModelHelper.swift */,
			);
			path = Model;
			sourceTree = "<group>";
		};
		0225A2471AB7DD8A00EA72C8 /* ThirdParty */ = {
			isa = PBXGroup;
			children = (
				0243DDE11AD341E0000CB475 /* UIDevice */,
				0225A2481AB7DD9000EA72C8 /* ZHLogger.swift */,
			);
			path = ThirdParty;
			sourceTree = "<group>";
		};
		023EDE711AAA325100F5B9C5 = {
			isa = PBXGroup;
			children = (
				0243DDDD1AD340BA000CB475 /* 2048X AI-Bridging-Header.h */,
				023EDE7C1AAA325100F5B9C5 /* 2048 Solver */,
				02DBF57F1AB269E7007EE133 /* Resource */,
				023EDE921AAA325100F5B9C5 /* 2048 SolverTests */,
				023EDE7B1AAA325100F5B9C5 /* Products */,
				EAD062C47FE0F47FE04DE401 /* Pods */,
				754B25108EAF598101145E50 /* Frameworks */,
			);
			sourceTree = "<group>";
		};
		023EDE7B1AAA325100F5B9C5 /* Products */ = {
			isa = PBXGroup;
			children = (
				023EDE7A1AAA325100F5B9C5 /* 2048X AI.app */,
				023EDE8F1AAA325100F5B9C5 /* 2048 SolverTests.xctest */,
			);
			name = Products;
			sourceTree = "<group>";
		};
		023EDE7C1AAA325100F5B9C5 /* 2048 Solver */ = {
			isa = PBXGroup;
			children = (
				023EDE7F1AAA325100F5B9C5 /* AppDelegate.swift */,
				0225A24A1AB8A6E300EA72C8 /* Extension.swift */,
				0225A2471AB7DD8A00EA72C8 /* ThirdParty */,
				FF5C5DD81AAF77C600CE6981 /* AI */,
				02107C9D1AAD238D00CFF8FF /* Model */,
				02107C961AACCC4400CFF8FF /* View */,
				02BC42841AC8F18C0089639B /* Controller */,
				023EDE831AAA325100F5B9C5 /* Main.storyboard */,
				023EDE861AAA325100F5B9C5 /* Images.xcassets */,
				023EDE881AAA325100F5B9C5 /* LaunchScreen.xib */,
				023EDE7D1AAA325100F5B9C5 /* Supporting Files */,
			);
			path = "2048 Solver";
			sourceTree = "<group>";
		};
		023EDE7D1AAA325100F5B9C5 /* Supporting Files */ = {
			isa = PBXGroup;
			children = (
				023EDE7E1AAA325100F5B9C5 /* Info.plist */,
			);
			name = "Supporting Files";
			sourceTree = "<group>";
		};
		023EDE921AAA325100F5B9C5 /* 2048 SolverTests */ = {
			isa = PBXGroup;
			children = (
				023EDE951AAA325100F5B9C5 /* _048_SolverTests.swift */,
				023EDE931AAA325100F5B9C5 /* Supporting Files */,
			);
			path = "2048 SolverTests";
			sourceTree = "<group>";
		};
		023EDE931AAA325100F5B9C5 /* Supporting Files */ = {
			isa = PBXGroup;
			children = (
				023EDE941AAA325100F5B9C5 /* Info.plist */,
			);
			name = "Supporting Files";
			sourceTree = "<group>";
		};
		0243DDE11AD341E0000CB475 /* UIDevice */ = {
			isa = PBXGroup;
			children = (
				0243DDE81AD34330000CB475 /* ZHHParseDevice.h */,
				0243DDE91AD34330000CB475 /* ZHHParseDevice.m */,
				0243DDE21AD341E0000CB475 /* UIApplication+AppVersion.h */,
				0243DDE31AD341E0000CB475 /* UIApplication+AppVersion.m */,
				0243DDE41AD341E0000CB475 /* UIDevice-Hardware.h */,
				0243DDE51AD341E0000CB475 /* UIDevice-Hardware.m */,
			);
			path = UIDevice;
			sourceTree = "<group>";
		};
		02BC42751AC88B230089639B /* TDLearning */ = {
			isa = PBXGroup;
			children = (
				0E1423A31ACA16E5000E8B8B /* State2048.swift */,
				02BC42761AC88B230089639B /* Action2048.swift */,
				02BC42771AC88B230089639B /* Game2048Board.swift */,
				02BC42781AC88B230089639B /* NTuple.swift */,
				02BC42791AC88B230089639B /* RectSize.swift */,
				02BC427A1AC88B230089639B /* Util.swift */,
				0E1423A51ACA17BE000E8B8B /* NTuples.swift */,
				0E1423A91ACACEBA000E8B8B /* Transition.swift */,
				0E1423A71ACA4C4E000E8B8B /* DefaultNTupleEvaluator.swift */,
				0E1423AB1ACAE58A000E8B8B /* GameYS.swift */,
				0E1423AD1ACAF879000E8B8B /* TDLGame2048.swift */,
				0E1423AF1ACB4707000E8B8B /* Game2048ExperimentTDL.swift */,
				0E1423B11ACB4ADE000E8B8B /* NTuplesAllStraightFactory.swift */,
				0E1423B31ACB7C5A000E8B8B /* BoardPos.swift */,
				0E1423B51ACB7D41000E8B8B /* BoardPosList.swift */,
				0E1423B91ACBA1F9000E8B8B /* NTuplesBuilder.swift */,
				0E1423BB1ACBA7B8000E8B8B /* CollectionUtils.swift */,
				0E1423BD1ACBC141000E8B8B /* NTuplesAllRectanglesFactory.swift */,
			);
			path = TDLearning;
			sourceTree = "<group>";
		};
		02BC42841AC8F18C0089639B /* Controller */ = {
			isa = PBXGroup;
			children = (
				02BC42871AC8F18C0089639B /* ViewController.swift */,
				02BC42861AC8F18C0089639B /* PresentingAnimator.swift */,
				02BC42851AC8F18C0089639B /* ConfirmViewController.swift */,
				02BC428B1AC8F20B0089639B /* SettingViewController.swift */,
				020BAE151ACA54220074EFE4 /* GameEndViewController.swift */,
			);
			path = Controller;
			sourceTree = "<group>";
		};
		02DBF57F1AB269E7007EE133 /* Resource */ = {
			isa = PBXGroup;
			children = (
				02DBF5801AB269E7007EE133 /* move.wav */,
			);
			name = Resource;
			path = "2048 Solver/Resource";
			sourceTree = "<group>";
		};
		754B25108EAF598101145E50 /* Frameworks */ = {
			isa = PBXGroup;
			children = (
				0243DDF11AD348A3000CB475 /* libPods-2048X AI-GoogleAnalytics-iOS-SDK.a */,
				0243DDEF1AD34884000CB475 /* libPods-2048X AI-GoogleAnalytics-iOS-SDK.a */,
				0243DDED1AD34851000CB475 /* libPods-2048X AI-GoogleAnalytics-iOS-SDK.a */,
				0243DDEB1AD34825000CB475 /* CoreData.framework */,
				024FB1F41AD3300200C6453E /* AudioToolbox.framework */,
				02FA01691AD32EDE009F73AD /* libsqlite3.dylib */,
				02FA01671AD32ED2009F73AD /* libz.dylib */,
				02FA01651AD32ECC009F73AD /* SystemConfiguration.framework */,
				02FA01611AD32EBE009F73AD /* Security.framework */,
				02FA015F1AD32EB9009F73AD /* QuartzCore.framework */,
				02FA015D1AD32EB3009F73AD /* MobileCoreServices.framework */,
				02FA015B1AD32EAC009F73AD /* CoreLocation.framework */,
				02FA01591AD32EA6009F73AD /* CoreGraphics.framework */,
				02FA01571AD32EA0009F73AD /* CFNetwork.framework */,
				02FA01551AD32E99009F73AD /* AudioUnit.framework */,
				4451BCDDEA52C8EDF6C993AA /* Pods_2048X_AI.framework */,
			);
			name = Frameworks;
			sourceTree = "<group>";
		};
		EAD062C47FE0F47FE04DE401 /* Pods */ = {
			isa = PBXGroup;
			children = (
				E431E4901B896E6700B28290 /* Podfile */,
				4D1C6648B51A6D9F17DE554B /* Pods-2048X AI.debug.xcconfig */,
				5332D551904BF20FAA74301A /* Pods-2048X AI.release.xcconfig */,
			);
			name = Pods;
			sourceTree = "<group>";
		};
		FF5C5DD81AAF77C600CE6981 /* AI */ = {
			isa = PBXGroup;
			children = (
				FF5C5DD91AAF782A00CE6981 /* AI.swift */,
				0225A2411AB7D74500EA72C8 /* GameBoardAssistant.swift */,
				0225A24C1AB8FABE00EA72C8 /* AI-Random.swift */,
				02F21BAF1ABA51B800487782 /* AI-Greedy.swift */,
				02BC42751AC88B230089639B /* TDLearning */,
				0249C9C41ACB1AE5000E954F /* AI-Expectimax.swift */,
			);
			path = AI;
			sourceTree = "<group>";
		};
/* End PBXGroup section */

/* Begin PBXNativeTarget section */
		023EDE791AAA325100F5B9C5 /* 2048X AI */ = {
			isa = PBXNativeTarget;
			buildConfigurationList = 023EDE991AAA325100F5B9C5 /* Build configuration list for PBXNativeTarget "2048X AI" */;
			buildPhases = (
				5BE1AD25FC305C47553BDFE3 /* Check Pods Manifest.lock */,
				023EDE761AAA325100F5B9C5 /* Sources */,
				023EDE771AAA325100F5B9C5 /* Frameworks */,
				023EDE781AAA325100F5B9C5 /* Resources */,
				EF8C5DA85035CE74E425C10D /* Copy Pods Resources */,
				B13D22CB524FCC9FAD4AD1C2 /* Embed Pods Frameworks */,
			);
			buildRules = (
			);
			dependencies = (
			);
			name = "2048X AI";
			productName = "2048 Solver";
			productReference = 023EDE7A1AAA325100F5B9C5 /* 2048X AI.app */;
			productType = "com.apple.product-type.application";
		};
		023EDE8E1AAA325100F5B9C5 /* 2048 SolverTests */ = {
			isa = PBXNativeTarget;
			buildConfigurationList = 023EDE9C1AAA325100F5B9C5 /* Build configuration list for PBXNativeTarget "2048 SolverTests" */;
			buildPhases = (
				023EDE8B1AAA325100F5B9C5 /* Sources */,
				023EDE8C1AAA325100F5B9C5 /* Frameworks */,
				023EDE8D1AAA325100F5B9C5 /* Resources */,
			);
			buildRules = (
			);
			dependencies = (
				023EDE911AAA325100F5B9C5 /* PBXTargetDependency */,
			);
			name = "2048 SolverTests";
			productName = "2048 SolverTests";
			productReference = 023EDE8F1AAA325100F5B9C5 /* 2048 SolverTests.xctest */;
			productType = "com.apple.product-type.bundle.unit-test";
		};
/* End PBXNativeTarget section */

/* Begin PBXProject section */
		023EDE721AAA325100F5B9C5 /* Project object */ = {
			isa = PBXProject;
			attributes = {
				LastUpgradeCheck = 0630;
				ORGANIZATIONNAME = "Honghao Zhang";
				TargetAttributes = {
					023EDE791AAA325100F5B9C5 = {
						CreatedOnToolsVersion = 6.3;
						DevelopmentTeam = UYW9ZSKZAQ;
						SystemCapabilities = {
							com.apple.InAppPurchase = {
								enabled = 0;
							};
						};
					};
					023EDE8E1AAA325100F5B9C5 = {
						CreatedOnToolsVersion = 6.3;
					};
				};
			};
			buildConfigurationList = 023EDE751AAA325100F5B9C5 /* Build configuration list for PBXProject "2048 Solver" */;
			compatibilityVersion = "Xcode 3.2";
			developmentRegion = English;
			hasScannedForEncodings = 0;
			knownRegions = (
				en,
				Base,
			);
			mainGroup = 023EDE711AAA325100F5B9C5;
			productRefGroup = 023EDE7B1AAA325100F5B9C5 /* Products */;
			projectDirPath = "";
			projectRoot = "";
			targets = (
				023EDE791AAA325100F5B9C5 /* 2048X AI */,
				023EDE8E1AAA325100F5B9C5 /* 2048 SolverTests */,
			);
		};
/* End PBXProject section */

/* Begin PBXResourcesBuildPhase section */
		023EDE781AAA325100F5B9C5 /* Resources */ = {
			isa = PBXResourcesBuildPhase;
			buildActionMask = 2147483647;
			files = (
				E431E4911B896E6700B28290 /* Podfile in Resources */,
				023EDE851AAA325100F5B9C5 /* Main.storyboard in Resources */,
				023EDE8A1AAA325100F5B9C5 /* LaunchScreen.xib in Resources */,
				023EDE871AAA325100F5B9C5 /* Images.xcassets in Resources */,
				02DBF5811AB269E7007EE133 /* move.wav in Resources */,
			);
			runOnlyForDeploymentPostprocessing = 0;
		};
		023EDE8D1AAA325100F5B9C5 /* Resources */ = {
			isa = PBXResourcesBuildPhase;
			buildActionMask = 2147483647;
			files = (
			);
			runOnlyForDeploymentPostprocessing = 0;
		};
/* End PBXResourcesBuildPhase section */

/* Begin PBXShellScriptBuildPhase section */
		5BE1AD25FC305C47553BDFE3 /* Check Pods Manifest.lock */ = {
			isa = PBXShellScriptBuildPhase;
			buildActionMask = 2147483647;
			files = (
			);
			inputPaths = (
			);
			name = "Check Pods Manifest.lock";
			outputPaths = (
			);
			runOnlyForDeploymentPostprocessing = 0;
			shellPath = /bin/sh;
			shellScript = "diff \"${PODS_ROOT}/../Podfile.lock\" \"${PODS_ROOT}/Manifest.lock\" > /dev/null\nif [[ $? != 0 ]] ; then\n    cat << EOM\nerror: The sandbox is not in sync with the Podfile.lock. Run 'pod install' or update your CocoaPods installation.\nEOM\n    exit 1\nfi\n";
			showEnvVarsInLog = 0;
		};
		B13D22CB524FCC9FAD4AD1C2 /* Embed Pods Frameworks */ = {
			isa = PBXShellScriptBuildPhase;
			buildActionMask = 2147483647;
			files = (
			);
			inputPaths = (
			);
			name = "Embed Pods Frameworks";
			outputPaths = (
			);
			runOnlyForDeploymentPostprocessing = 0;
			shellPath = /bin/sh;
			shellScript = "\"${SRCROOT}/Pods/Target Support Files/Pods-2048X AI/Pods-2048X AI-frameworks.sh\"\n";
			showEnvVarsInLog = 0;
		};
		EF8C5DA85035CE74E425C10D /* Copy Pods Resources */ = {
			isa = PBXShellScriptBuildPhase;
			buildActionMask = 2147483647;
			files = (
			);
			inputPaths = (
			);
			name = "Copy Pods Resources";
			outputPaths = (
			);
			runOnlyForDeploymentPostprocessing = 0;
			shellPath = /bin/sh;
			shellScript = "\"${SRCROOT}/Pods/Target Support Files/Pods-2048X AI/Pods-2048X AI-resources.sh\"\n";
			showEnvVarsInLog = 0;
		};
/* End PBXShellScriptBuildPhase section */

/* Begin PBXSourcesBuildPhase section */
		023EDE761AAA325100F5B9C5 /* Sources */ = {
			isa = PBXSourcesBuildPhase;
			buildActionMask = 2147483647;
			files = (
				02107C9C1AAD220800CFF8FF /* Appearance.swift in Sources */,
				02BC427E1AC88B230089639B /* RectSize.swift in Sources */,
				FF5C5DDA1AAF782A00CE6981 /* AI.swift in Sources */,
				0E1423B41ACB7C5A000E8B8B /* BoardPos.swift in Sources */,
				02BC427F1AC88B230089639B /* Util.swift in Sources */,
				0243DDEA1AD34330000CB475 /* ZHHParseDevice.m in Sources */,
				0225A24B1AB8A6E300EA72C8 /* Extension.swift in Sources */,
				02F21BB01ABA51B800487782 /* AI-Greedy.swift in Sources */,
				0249C9C51ACB1AE5000E954F /* AI-Expectimax.swift in Sources */,
				02107C981AACCC4400CFF8FF /* GameBoardView.swift in Sources */,
				0E1423B01ACB4707000E8B8B /* Game2048ExperimentTDL.swift in Sources */,
				0E1423A81ACA4C4E000E8B8B /* DefaultNTupleEvaluator.swift in Sources */,
				02BC428A1AC8F18C0089639B /* ViewController.swift in Sources */,
				0E1423BA1ACBA1F9000E8B8B /* NTuplesBuilder.swift in Sources */,
				0E1423AA1ACACEBA000E8B8B /* Transition.swift in Sources */,
				02C2A86D1AC9E9EF002DEB97 /* BlackSelectionControl.swift in Sources */,
				0E1423A41ACA16E5000E8B8B /* State2048.swift in Sources */,
				0243DDE61AD341E0000CB475 /* UIApplication+AppVersion.m in Sources */,
				0225A24D1AB8FABE00EA72C8 /* AI-Random.swift in Sources */,
				0E1423BE1ACBC141000E8B8B /* NTuplesAllRectanglesFactory.swift in Sources */,
				02107CA11AAD244A00CFF8FF /* GameModelTypes.swift in Sources */,
				02BC42891AC8F18C0089639B /* PresentingAnimator.swift in Sources */,
				02BC428C1AC8F20B0089639B /* SettingViewController.swift in Sources */,
				0E1423BC1ACBA7B8000E8B8B /* CollectionUtils.swift in Sources */,
				02C2A86F1AC9EC10002DEB97 /* AIAlgorithmCell.swift in Sources */,
				0E1423B21ACB4ADE000E8B8B /* NTuplesAllStraightFactory.swift in Sources */,
				0E1423AC1ACAE58A000E8B8B /* GameYS.swift in Sources */,
				02F21BAE1ABA3EDD00487782 /* GameModelHelper.swift in Sources */,
				0243DDE71AD341E0000CB475 /* UIDevice-Hardware.m in Sources */,
				0297205E1AC65377009B86D2 /* BlackBorderButton.swift in Sources */,
				023EDE801AAA325100F5B9C5 /* AppDelegate.swift in Sources */,
				0E1423A61ACA17BE000E8B8B /* NTuples.swift in Sources */,
				0E1423AE1ACAF879000E8B8B /* TDLGame2048.swift in Sources */,
				02BC42881AC8F18C0089639B /* ConfirmViewController.swift in Sources */,
				028159611AAD07E500C795D9 /* TileView.swift in Sources */,
				02BC427C1AC88B230089639B /* Game2048Board.swift in Sources */,
				0E1423B61ACB7D41000E8B8B /* BoardPosList.swift in Sources */,
				02BC427D1AC88B230089639B /* NTuple.swift in Sources */,
				02C2A86B1AC9DFF3002DEB97 /* BlackSlider.swift in Sources */,
				02BC427B1AC88B230089639B /* Action2048.swift in Sources */,
				02107C9F1AAD240400CFF8FF /* GameModel.swift in Sources */,
				02107C9A1AAD1F0000CFF8FF /* ScoreView.swift in Sources */,
				0225A2491AB7DD9000EA72C8 /* ZHLogger.swift in Sources */,
				020BAE161ACA54220074EFE4 /* GameEndViewController.swift in Sources */,
				0225A2421AB7D74500EA72C8 /* GameBoardAssistant.swift in Sources */,
			);
			runOnlyForDeploymentPostprocessing = 0;
		};
		023EDE8B1AAA325100F5B9C5 /* Sources */ = {
			isa = PBXSourcesBuildPhase;
			buildActionMask = 2147483647;
			files = (
				023EDE961AAA325100F5B9C5 /* _048_SolverTests.swift in Sources */,
			);
			runOnlyForDeploymentPostprocessing = 0;
		};
/* End PBXSourcesBuildPhase section */

/* Begin PBXTargetDependency section */
		023EDE911AAA325100F5B9C5 /* PBXTargetDependency */ = {
			isa = PBXTargetDependency;
			target = 023EDE791AAA325100F5B9C5 /* 2048X AI */;
			targetProxy = 023EDE901AAA325100F5B9C5 /* PBXContainerItemProxy */;
		};
/* End PBXTargetDependency section */

/* Begin PBXVariantGroup section */
		023EDE831AAA325100F5B9C5 /* Main.storyboard */ = {
			isa = PBXVariantGroup;
			children = (
				023EDE841AAA325100F5B9C5 /* Base */,
			);
			name = Main.storyboard;
			sourceTree = "<group>";
		};
		023EDE881AAA325100F5B9C5 /* LaunchScreen.xib */ = {
			isa = PBXVariantGroup;
			children = (
				023EDE891AAA325100F5B9C5 /* Base */,
			);
			name = LaunchScreen.xib;
			sourceTree = "<group>";
		};
/* End PBXVariantGroup section */

/* Begin XCBuildConfiguration section */
		023EDE971AAA325100F5B9C5 /* Debug */ = {
			isa = XCBuildConfiguration;
			buildSettings = {
				ALWAYS_SEARCH_USER_PATHS = NO;
				CLANG_CXX_LANGUAGE_STANDARD = "gnu++0x";
				CLANG_CXX_LIBRARY = "libc++";
				CLANG_ENABLE_MODULES = YES;
				CLANG_ENABLE_OBJC_ARC = YES;
				CLANG_WARN_BOOL_CONVERSION = YES;
				CLANG_WARN_CONSTANT_CONVERSION = YES;
				CLANG_WARN_DIRECT_OBJC_ISA_USAGE = YES_ERROR;
				CLANG_WARN_EMPTY_BODY = YES;
				CLANG_WARN_ENUM_CONVERSION = YES;
				CLANG_WARN_INT_CONVERSION = YES;
				CLANG_WARN_OBJC_ROOT_CLASS = YES_ERROR;
				CLANG_WARN_UNREACHABLE_CODE = YES;
				CLANG_WARN__DUPLICATE_METHOD_MATCH = YES;
				"CODE_SIGN_IDENTITY[sdk=iphoneos*]" = "iPhone Developer";
				COPY_PHASE_STRIP = NO;
				DEBUG_INFORMATION_FORMAT = dwarf;
				ENABLE_STRICT_OBJC_MSGSEND = YES;
				GCC_C_LANGUAGE_STANDARD = gnu99;
				GCC_DYNAMIC_NO_PIC = NO;
				GCC_NO_COMMON_BLOCKS = YES;
				GCC_OPTIMIZATION_LEVEL = 0;
				GCC_PREPROCESSOR_DEFINITIONS = (
					"DEBUG=1",
					"$(inherited)",
				);
				GCC_SYMBOLS_PRIVATE_EXTERN = NO;
				GCC_WARN_64_TO_32_BIT_CONVERSION = YES;
				GCC_WARN_ABOUT_RETURN_TYPE = YES_ERROR;
				GCC_WARN_UNDECLARED_SELECTOR = YES;
				GCC_WARN_UNINITIALIZED_AUTOS = YES_AGGRESSIVE;
				GCC_WARN_UNUSED_FUNCTION = YES;
				GCC_WARN_UNUSED_VARIABLE = YES;
				IPHONEOS_DEPLOYMENT_TARGET = 7.0;
				MTL_ENABLE_DEBUG_INFO = YES;
				ONLY_ACTIVE_ARCH = YES;
				SDKROOT = iphoneos;
				SWIFT_OPTIMIZATION_LEVEL = "-Onone";
			};
			name = Debug;
		};
		023EDE981AAA325100F5B9C5 /* Release */ = {
			isa = XCBuildConfiguration;
			buildSettings = {
				ALWAYS_SEARCH_USER_PATHS = NO;
				CLANG_CXX_LANGUAGE_STANDARD = "gnu++0x";
				CLANG_CXX_LIBRARY = "libc++";
				CLANG_ENABLE_MODULES = YES;
				CLANG_ENABLE_OBJC_ARC = YES;
				CLANG_WARN_BOOL_CONVERSION = YES;
				CLANG_WARN_CONSTANT_CONVERSION = YES;
				CLANG_WARN_DIRECT_OBJC_ISA_USAGE = YES_ERROR;
				CLANG_WARN_EMPTY_BODY = YES;
				CLANG_WARN_ENUM_CONVERSION = YES;
				CLANG_WARN_INT_CONVERSION = YES;
				CLANG_WARN_OBJC_ROOT_CLASS = YES_ERROR;
				CLANG_WARN_UNREACHABLE_CODE = YES;
				CLANG_WARN__DUPLICATE_METHOD_MATCH = YES;
				"CODE_SIGN_IDENTITY[sdk=iphoneos*]" = "iPhone Developer";
				COPY_PHASE_STRIP = NO;
				DEBUG_INFORMATION_FORMAT = "dwarf-with-dsym";
				ENABLE_NS_ASSERTIONS = NO;
				ENABLE_STRICT_OBJC_MSGSEND = YES;
				GCC_C_LANGUAGE_STANDARD = gnu99;
				GCC_NO_COMMON_BLOCKS = YES;
				GCC_WARN_64_TO_32_BIT_CONVERSION = YES;
				GCC_WARN_ABOUT_RETURN_TYPE = YES_ERROR;
				GCC_WARN_UNDECLARED_SELECTOR = YES;
				GCC_WARN_UNINITIALIZED_AUTOS = YES_AGGRESSIVE;
				GCC_WARN_UNUSED_FUNCTION = YES;
				GCC_WARN_UNUSED_VARIABLE = YES;
				IPHONEOS_DEPLOYMENT_TARGET = 7.0;
				MTL_ENABLE_DEBUG_INFO = NO;
				SDKROOT = iphoneos;
				VALIDATE_PRODUCT = YES;
			};
			name = Release;
		};
		023EDE9A1AAA325100F5B9C5 /* Debug */ = {
			isa = XCBuildConfiguration;
			baseConfigurationReference = 4D1C6648B51A6D9F17DE554B /* Pods-2048X AI.debug.xcconfig */;
			buildSettings = {
				ASSETCATALOG_COMPILER_APPICON_NAME = AppIcon;
				ASSETCATALOG_COMPILER_LAUNCHIMAGE_NAME = LaunchImage;
				CLANG_ENABLE_MODULES = YES;
				CODE_SIGN_IDENTITY = "iPhone Developer: Honghao Zhang (ND7KHND8PQ)";
				"CODE_SIGN_IDENTITY[sdk=iphoneos*]" = "iPhone Developer";
				INFOPLIST_FILE = "2048 Solver/Info.plist";
				IPHONEOS_DEPLOYMENT_TARGET = 7.0;
				LD_RUNPATH_SEARCH_PATHS = "$(inherited) @executable_path/Frameworks";
				LIBRARY_SEARCH_PATHS = "$(inherited)";
				OTHER_SWIFT_FLAGS = "";
				PRODUCT_NAME = "$(TARGET_NAME)";
				PROVISIONING_PROFILE = "137a0314-d71f-4fc2-86ad-4a70f632816e";
				SDKROOT = iphoneos;
				SWIFT_OBJC_BRIDGING_HEADER = "2048X AI-Bridging-Header.h";
				SWIFT_OPTIMIZATION_LEVEL = "-Onone";
				TARGETED_DEVICE_FAMILY = 1;
			};
			name = Debug;
		};
		023EDE9B1AAA325100F5B9C5 /* Release */ = {
			isa = XCBuildConfiguration;
			baseConfigurationReference = 5332D551904BF20FAA74301A /* Pods-2048X AI.release.xcconfig */;
			buildSettings = {
				ASSETCATALOG_COMPILER_APPICON_NAME = AppIcon;
				ASSETCATALOG_COMPILER_LAUNCHIMAGE_NAME = LaunchImage;
				CLANG_ENABLE_MODULES = YES;
				CODE_SIGN_IDENTITY = "iPhone Distribution: Honghao Zhang";
				"CODE_SIGN_IDENTITY[sdk=iphoneos*]" = "iPhone Developer";
				INFOPLIST_FILE = "2048 Solver/Info.plist";
				IPHONEOS_DEPLOYMENT_TARGET = 7.0;
				LD_RUNPATH_SEARCH_PATHS = "$(inherited) @executable_path/Frameworks";
				LIBRARY_SEARCH_PATHS = "$(inherited)";
				PRODUCT_NAME = "$(TARGET_NAME)";
				PROVISIONING_PROFILE = "956cf9ac-d79b-499e-a7d8-6c0faa1e9219";
				SDKROOT = iphoneos;
				SWIFT_OBJC_BRIDGING_HEADER = "2048X AI-Bridging-Header.h";
				TARGETED_DEVICE_FAMILY = 1;
			};
			name = Release;
		};
		023EDE9D1AAA325100F5B9C5 /* Debug */ = {
			isa = XCBuildConfiguration;
			buildSettings = {
				FRAMEWORK_SEARCH_PATHS = (
					"$(SDKROOT)/Developer/Library/Frameworks",
					"$(inherited)",
				);
				GCC_PREPROCESSOR_DEFINITIONS = (
					"DEBUG=1",
					"$(inherited)",
				);
				INFOPLIST_FILE = "2048 SolverTests/Info.plist";
				IPHONEOS_DEPLOYMENT_TARGET = 8.0;
				LD_RUNPATH_SEARCH_PATHS = "$(inherited) @executable_path/Frameworks @loader_path/Frameworks";
				PRODUCT_NAME = "$(TARGET_NAME)";
			};
			name = Debug;
		};
		023EDE9E1AAA325100F5B9C5 /* Release */ = {
			isa = XCBuildConfiguration;
			buildSettings = {
				FRAMEWORK_SEARCH_PATHS = (
					"$(SDKROOT)/Developer/Library/Frameworks",
					"$(inherited)",
				);
				INFOPLIST_FILE = "2048 SolverTests/Info.plist";
				IPHONEOS_DEPLOYMENT_TARGET = 8.0;
				LD_RUNPATH_SEARCH_PATHS = "$(inherited) @executable_path/Frameworks @loader_path/Frameworks";
				PRODUCT_NAME = "$(TARGET_NAME)";
			};
			name = Release;
		};
/* End XCBuildConfiguration section */

/* Begin XCConfigurationList section */
		023EDE751AAA325100F5B9C5 /* Build configuration list for PBXProject "2048 Solver" */ = {
			isa = XCConfigurationList;
			buildConfigurations = (
				023EDE971AAA325100F5B9C5 /* Debug */,
				023EDE981AAA325100F5B9C5 /* Release */,
			);
			defaultConfigurationIsVisible = 0;
			defaultConfigurationName = Release;
		};
		023EDE991AAA325100F5B9C5 /* Build configuration list for PBXNativeTarget "2048X AI" */ = {
			isa = XCConfigurationList;
			buildConfigurations = (
				023EDE9A1AAA325100F5B9C5 /* Debug */,
				023EDE9B1AAA325100F5B9C5 /* Release */,
			);
			defaultConfigurationIsVisible = 0;
			defaultConfigurationName = Release;
		};
		023EDE9C1AAA325100F5B9C5 /* Build configuration list for PBXNativeTarget "2048 SolverTests" */ = {
			isa = XCConfigurationList;
			buildConfigurations = (
				023EDE9D1AAA325100F5B9C5 /* Debug */,
				023EDE9E1AAA325100F5B9C5 /* Release */,
			);
			defaultConfigurationIsVisible = 0;
			defaultConfigurationName = Release;
		};
/* End XCConfigurationList section */
	};
	rootObject = 023EDE721AAA325100F5B9C5 /* Project object */;
}
